// !$*UTF8*$!
{
	archiveVersion = 1;
	classes = {
	};
	objectVersion = 46;
	objects = {

/* Begin PBXBuildFile section */
		2E2B923C1588622500C4EC33 /* HTTPAuthenticationRequest.m in Sources */ = {isa = PBXBuildFile; fileRef = 2E2B92311588622500C4EC33 /* HTTPAuthenticationRequest.m */; };
		2E2B923D1588622500C4EC33 /* HTTPConnection.m in Sources */ = {isa = PBXBuildFile; fileRef = 2E2B92331588622500C4EC33 /* HTTPConnection.m */; };
		2E2B923E1588622500C4EC33 /* HTTPMessage.m in Sources */ = {isa = PBXBuildFile; fileRef = 2E2B92361588622500C4EC33 /* HTTPMessage.m */; };
		2E2B923F1588622500C4EC33 /* HTTPServer.m in Sources */ = {isa = PBXBuildFile; fileRef = 2E2B92391588622500C4EC33 /* HTTPServer.m */; };
		2E2B92401588622500C4EC33 /* WebSocket.m in Sources */ = {isa = PBXBuildFile; fileRef = 2E2B923B1588622500C4EC33 /* WebSocket.m */; };
		2E2B92471588624500C4EC33 /* DDData.m in Sources */ = {isa = PBXBuildFile; fileRef = 2E2B92421588624500C4EC33 /* DDData.m */; };
		2E2B92481588624500C4EC33 /* DDNumber.m in Sources */ = {isa = PBXBuildFile; fileRef = 2E2B92441588624500C4EC33 /* DDNumber.m */; };
		2E2B92491588624500C4EC33 /* DDRange.m in Sources */ = {isa = PBXBuildFile; fileRef = 2E2B92461588624500C4EC33 /* DDRange.m */; };
		2E2B92501588626000C4EC33 /* MultipartFormDataParser.m in Sources */ = {isa = PBXBuildFile; fileRef = 2E2B924B1588626000C4EC33 /* MultipartFormDataParser.m */; };
		2E2B92511588626000C4EC33 /* MultipartMessageHeader.m in Sources */ = {isa = PBXBuildFile; fileRef = 2E2B924D1588626000C4EC33 /* MultipartMessageHeader.m */; };
		2E2B92521588626000C4EC33 /* MultipartMessageHeaderField.m in Sources */ = {isa = PBXBuildFile; fileRef = 2E2B924F1588626000C4EC33 /* MultipartMessageHeaderField.m */; };
		2E2B925D1588627A00C4EC33 /* HTTPAsyncFileResponse.m in Sources */ = {isa = PBXBuildFile; fileRef = 2E2B92541588627A00C4EC33 /* HTTPAsyncFileResponse.m */; };
		2E2B925E1588627A00C4EC33 /* HTTPDataResponse.m in Sources */ = {isa = PBXBuildFile; fileRef = 2E2B92561588627A00C4EC33 /* HTTPDataResponse.m */; };
		2E2B925F1588627A00C4EC33 /* HTTPDynamicFileResponse.m in Sources */ = {isa = PBXBuildFile; fileRef = 2E2B92581588627A00C4EC33 /* HTTPDynamicFileResponse.m */; };
		2E2B92601588627A00C4EC33 /* HTTPFileResponse.m in Sources */ = {isa = PBXBuildFile; fileRef = 2E2B925A1588627A00C4EC33 /* HTTPFileResponse.m */; };
		2E2B92611588627A00C4EC33 /* HTTPRedirectResponse.m in Sources */ = {isa = PBXBuildFile; fileRef = 2E2B925C1588627A00C4EC33 /* HTTPRedirectResponse.m */; };
		2E2B92791588635D00C4EC33 /* DDAbstractDatabaseLogger.m in Sources */ = {isa = PBXBuildFile; fileRef = 2E2B92701588635D00C4EC33 /* DDAbstractDatabaseLogger.m */; };
		2E2B927A1588635D00C4EC33 /* DDASLLogger.m in Sources */ = {isa = PBXBuildFile; fileRef = 2E2B92721588635D00C4EC33 /* DDASLLogger.m */; };
		2E2B927B1588635D00C4EC33 /* DDFileLogger.m in Sources */ = {isa = PBXBuildFile; fileRef = 2E2B92741588635D00C4EC33 /* DDFileLogger.m */; };
		2E2B927C1588635D00C4EC33 /* DDLog.m in Sources */ = {isa = PBXBuildFile; fileRef = 2E2B92761588635D00C4EC33 /* DDLog.m */; };
		2E2B927D1588635D00C4EC33 /* DDTTYLogger.m in Sources */ = {isa = PBXBuildFile; fileRef = 2E2B92781588635D00C4EC33 /* DDTTYLogger.m */; };
		2E2B92841588639C00C4EC33 /* ContextFilterLogFormatter.m in Sources */ = {isa = PBXBuildFile; fileRef = 2E2B92801588639C00C4EC33 /* ContextFilterLogFormatter.m */; };
		2E2B92851588639C00C4EC33 /* DispatchQueueLogFormatter.m in Sources */ = {isa = PBXBuildFile; fileRef = 2E2B92821588639C00C4EC33 /* DispatchQueueLogFormatter.m */; };
		2E2B9289158863C200C4EC33 /* GCDAsyncSocket.m in Sources */ = {isa = PBXBuildFile; fileRef = 2E2B9288158863C200C4EC33 /* GCDAsyncSocket.m */; };
		2E2B928B158864BB00C4EC33 /* Security.framework in Frameworks */ = {isa = PBXBuildFile; fileRef = 2E2B928A158864BB00C4EC33 /* Security.framework */; };
		2E2B928E158865BA00C4EC33 /* CFNetwork.framework in Frameworks */ = {isa = PBXBuildFile; fileRef = 2E2B928C158864FD00C4EC33 /* CFNetwork.framework */; };
		2E2B929315886A3200C4EC33 /* HTTPAuthenticationRequest.m in Sources */ = {isa = PBXBuildFile; fileRef = 2E2B92311588622500C4EC33 /* HTTPAuthenticationRequest.m */; };
		2E2B929515886A4000C4EC33 /* HTTPConnection.m in Sources */ = {isa = PBXBuildFile; fileRef = 2E2B92331588622500C4EC33 /* HTTPConnection.m */; };
		2E2B929615886A4A00C4EC33 /* HTTPMessage.m in Sources */ = {isa = PBXBuildFile; fileRef = 2E2B92361588622500C4EC33 /* HTTPMessage.m */; };
		2E2B929715886A5100C4EC33 /* HTTPServer.m in Sources */ = {isa = PBXBuildFile; fileRef = 2E2B92391588622500C4EC33 /* HTTPServer.m */; };
		2E2B929815886A7300C4EC33 /* WebSocket.m in Sources */ = {isa = PBXBuildFile; fileRef = 2E2B923B1588622500C4EC33 /* WebSocket.m */; };
		2E2B929B15886CD300C4EC33 /* EchoHTTPConnection.m in Sources */ = {isa = PBXBuildFile; fileRef = 2E2B929A15886CD300C4EC33 /* EchoHTTPConnection.m */; };
		2E6D62EA1586DB8700E81A6E /* UIKit.framework in Frameworks */ = {isa = PBXBuildFile; fileRef = 2E6D62E91586DB8700E81A6E /* UIKit.framework */; };
		2E6D62EC1586DB8700E81A6E /* Foundation.framework in Frameworks */ = {isa = PBXBuildFile; fileRef = 2E6D62EB1586DB8700E81A6E /* Foundation.framework */; };
		2E6D62EE1586DB8700E81A6E /* CoreGraphics.framework in Frameworks */ = {isa = PBXBuildFile; fileRef = 2E6D62ED1586DB8700E81A6E /* CoreGraphics.framework */; };
		2E6D62F41586DB8700E81A6E /* InfoPlist.strings in Resources */ = {isa = PBXBuildFile; fileRef = 2E6D62F21586DB8700E81A6E /* InfoPlist.strings */; };
		2E6D62F61586DB8800E81A6E /* main.m in Sources */ = {isa = PBXBuildFile; fileRef = 2E6D62F51586DB8800E81A6E /* main.m */; };
		2E6D62FA1586DB8800E81A6E /* AppDelegate.m in Sources */ = {isa = PBXBuildFile; fileRef = 2E6D62F91586DB8800E81A6E /* AppDelegate.m */; };
		2E6D62FD1586DB8800E81A6E /* ViewController.m in Sources */ = {isa = PBXBuildFile; fileRef = 2E6D62FC1586DB8800E81A6E /* ViewController.m */; };
		2E6D63001586DB8800E81A6E /* ViewController.xib in Resources */ = {isa = PBXBuildFile; fileRef = 2E6D62FE1586DB8800E81A6E /* ViewController.xib */; };
		2E6D63081586DB8800E81A6E /* SenTestingKit.framework in Frameworks */ = {isa = PBXBuildFile; fileRef = 2E6D63071586DB8800E81A6E /* SenTestingKit.framework */; };
		2E6D63091586DB8800E81A6E /* UIKit.framework in Frameworks */ = {isa = PBXBuildFile; fileRef = 2E6D62E91586DB8700E81A6E /* UIKit.framework */; };
		2E6D630A1586DB8800E81A6E /* Foundation.framework in Frameworks */ = {isa = PBXBuildFile; fileRef = 2E6D62EB1586DB8700E81A6E /* Foundation.framework */; };
		2E6D63121586DB8800E81A6E /* InfoPlist.strings in Resources */ = {isa = PBXBuildFile; fileRef = 2E6D63101586DB8800E81A6E /* InfoPlist.strings */; };
		2E6D63151586DB8800E81A6E /* HTTPServerTests.m in Sources */ = {isa = PBXBuildFile; fileRef = 2E6D63141586DB8800E81A6E /* HTTPServerTests.m */; };
		2EDE085A158F03420048EC9E /* RequestRouter.m in Sources */ = {isa = PBXBuildFile; fileRef = 2EDE0859158F03420048EC9E /* RequestRouter.m */; };
		2EDE085D158F04490048EC9E /* Action.m in Sources */ = {isa = PBXBuildFile; fileRef = 2EDE085C158F04490048EC9E /* Action.m */; };
		2EDE0860158F06CD0048EC9E /* RoutableHTTPConnection.m in Sources */ = {isa = PBXBuildFile; fileRef = 2EDE085F158F06CD0048EC9E /* RoutableHTTPConnection.m */; };
		2EDE0869158F23590048EC9E /* Security.framework in Frameworks */ = {isa = PBXBuildFile; fileRef = 2E2B928A158864BB00C4EC33 /* Security.framework */; };
		2EDE086B158F23600048EC9E /* CFNetwork.framework in Frameworks */ = {isa = PBXBuildFile; fileRef = 2E2B928C158864FD00C4EC33 /* CFNetwork.framework */; };
/* End PBXBuildFile section */

/* Begin PBXContainerItemProxy section */
		2E6D630B1586DB8800E81A6E /* PBXContainerItemProxy */ = {
			isa = PBXContainerItemProxy;
			containerPortal = 2E6D62DC1586DB8700E81A6E /* Project object */;
			proxyType = 1;
			remoteGlobalIDString = 2E6D62E41586DB8700E81A6E;
			remoteInfo = "ubilocal-experiment";
		};
/* End PBXContainerItemProxy section */

/* Begin PBXFileReference section */
		2E2B92301588622500C4EC33 /* HTTPAuthenticationRequest.h */ = {isa = PBXFileReference; fileEncoding = 4; lastKnownFileType = sourcecode.c.h; path = HTTPAuthenticationRequest.h; sourceTree = "<group>"; };
		2E2B92311588622500C4EC33 /* HTTPAuthenticationRequest.m */ = {isa = PBXFileReference; fileEncoding = 4; lastKnownFileType = sourcecode.c.objc; path = HTTPAuthenticationRequest.m; sourceTree = "<group>"; };
		2E2B92321588622500C4EC33 /* HTTPConnection.h */ = {isa = PBXFileReference; fileEncoding = 4; lastKnownFileType = sourcecode.c.h; path = HTTPConnection.h; sourceTree = "<group>"; };
		2E2B92331588622500C4EC33 /* HTTPConnection.m */ = {isa = PBXFileReference; fileEncoding = 4; lastKnownFileType = sourcecode.c.objc; path = HTTPConnection.m; sourceTree = "<group>"; };
		2E2B92341588622500C4EC33 /* HTTPLogging.h */ = {isa = PBXFileReference; fileEncoding = 4; lastKnownFileType = sourcecode.c.h; path = HTTPLogging.h; sourceTree = "<group>"; };
		2E2B92351588622500C4EC33 /* HTTPMessage.h */ = {isa = PBXFileReference; fileEncoding = 4; lastKnownFileType = sourcecode.c.h; path = HTTPMessage.h; sourceTree = "<group>"; };
		2E2B92361588622500C4EC33 /* HTTPMessage.m */ = {isa = PBXFileReference; fileEncoding = 4; lastKnownFileType = sourcecode.c.objc; path = HTTPMessage.m; sourceTree = "<group>"; };
		2E2B92371588622500C4EC33 /* HTTPResponse.h */ = {isa = PBXFileReference; fileEncoding = 4; lastKnownFileType = sourcecode.c.h; path = HTTPResponse.h; sourceTree = "<group>"; };
		2E2B92381588622500C4EC33 /* HTTPServer.h */ = {isa = PBXFileReference; fileEncoding = 4; lastKnownFileType = sourcecode.c.h; path = HTTPServer.h; sourceTree = "<group>"; };
		2E2B92391588622500C4EC33 /* HTTPServer.m */ = {isa = PBXFileReference; fileEncoding = 4; lastKnownFileType = sourcecode.c.objc; path = HTTPServer.m; sourceTree = "<group>"; };
		2E2B923A1588622500C4EC33 /* WebSocket.h */ = {isa = PBXFileReference; fileEncoding = 4; lastKnownFileType = sourcecode.c.h; path = WebSocket.h; sourceTree = "<group>"; };
		2E2B923B1588622500C4EC33 /* WebSocket.m */ = {isa = PBXFileReference; fileEncoding = 4; lastKnownFileType = sourcecode.c.objc; path = WebSocket.m; sourceTree = "<group>"; };
		2E2B92411588624500C4EC33 /* DDData.h */ = {isa = PBXFileReference; fileEncoding = 4; lastKnownFileType = sourcecode.c.h; path = DDData.h; sourceTree = "<group>"; };
		2E2B92421588624500C4EC33 /* DDData.m */ = {isa = PBXFileReference; fileEncoding = 4; lastKnownFileType = sourcecode.c.objc; path = DDData.m; sourceTree = "<group>"; };
		2E2B92431588624500C4EC33 /* DDNumber.h */ = {isa = PBXFileReference; fileEncoding = 4; lastKnownFileType = sourcecode.c.h; path = DDNumber.h; sourceTree = "<group>"; };
		2E2B92441588624500C4EC33 /* DDNumber.m */ = {isa = PBXFileReference; fileEncoding = 4; lastKnownFileType = sourcecode.c.objc; path = DDNumber.m; sourceTree = "<group>"; };
		2E2B92451588624500C4EC33 /* DDRange.h */ = {isa = PBXFileReference; fileEncoding = 4; lastKnownFileType = sourcecode.c.h; path = DDRange.h; sourceTree = "<group>"; };
		2E2B92461588624500C4EC33 /* DDRange.m */ = {isa = PBXFileReference; fileEncoding = 4; lastKnownFileType = sourcecode.c.objc; path = DDRange.m; sourceTree = "<group>"; };
		2E2B924A1588626000C4EC33 /* MultipartFormDataParser.h */ = {isa = PBXFileReference; fileEncoding = 4; lastKnownFileType = sourcecode.c.h; path = MultipartFormDataParser.h; sourceTree = "<group>"; };
		2E2B924B1588626000C4EC33 /* MultipartFormDataParser.m */ = {isa = PBXFileReference; fileEncoding = 4; lastKnownFileType = sourcecode.c.objc; path = MultipartFormDataParser.m; sourceTree = "<group>"; };
		2E2B924C1588626000C4EC33 /* MultipartMessageHeader.h */ = {isa = PBXFileReference; fileEncoding = 4; lastKnownFileType = sourcecode.c.h; path = MultipartMessageHeader.h; sourceTree = "<group>"; };
		2E2B924D1588626000C4EC33 /* MultipartMessageHeader.m */ = {isa = PBXFileReference; fileEncoding = 4; lastKnownFileType = sourcecode.c.objc; path = MultipartMessageHeader.m; sourceTree = "<group>"; };
		2E2B924E1588626000C4EC33 /* MultipartMessageHeaderField.h */ = {isa = PBXFileReference; fileEncoding = 4; lastKnownFileType = sourcecode.c.h; path = MultipartMessageHeaderField.h; sourceTree = "<group>"; };
		2E2B924F1588626000C4EC33 /* MultipartMessageHeaderField.m */ = {isa = PBXFileReference; fileEncoding = 4; lastKnownFileType = sourcecode.c.objc; path = MultipartMessageHeaderField.m; sourceTree = "<group>"; };
		2E2B92531588627A00C4EC33 /* HTTPAsyncFileResponse.h */ = {isa = PBXFileReference; fileEncoding = 4; lastKnownFileType = sourcecode.c.h; name = HTTPAsyncFileResponse.h; path = Responses/HTTPAsyncFileResponse.h; sourceTree = "<group>"; };
		2E2B92541588627A00C4EC33 /* HTTPAsyncFileResponse.m */ = {isa = PBXFileReference; fileEncoding = 4; lastKnownFileType = sourcecode.c.objc; name = HTTPAsyncFileResponse.m; path = Responses/HTTPAsyncFileResponse.m; sourceTree = "<group>"; };
		2E2B92551588627A00C4EC33 /* HTTPDataResponse.h */ = {isa = PBXFileReference; fileEncoding = 4; lastKnownFileType = sourcecode.c.h; name = HTTPDataResponse.h; path = Responses/HTTPDataResponse.h; sourceTree = "<group>"; };
		2E2B92561588627A00C4EC33 /* HTTPDataResponse.m */ = {isa = PBXFileReference; fileEncoding = 4; lastKnownFileType = sourcecode.c.objc; name = HTTPDataResponse.m; path = Responses/HTTPDataResponse.m; sourceTree = "<group>"; };
		2E2B92571588627A00C4EC33 /* HTTPDynamicFileResponse.h */ = {isa = PBXFileReference; fileEncoding = 4; lastKnownFileType = sourcecode.c.h; name = HTTPDynamicFileResponse.h; path = Responses/HTTPDynamicFileResponse.h; sourceTree = "<group>"; };
		2E2B92581588627A00C4EC33 /* HTTPDynamicFileResponse.m */ = {isa = PBXFileReference; fileEncoding = 4; lastKnownFileType = sourcecode.c.objc; name = HTTPDynamicFileResponse.m; path = Responses/HTTPDynamicFileResponse.m; sourceTree = "<group>"; };
		2E2B92591588627A00C4EC33 /* HTTPFileResponse.h */ = {isa = PBXFileReference; fileEncoding = 4; lastKnownFileType = sourcecode.c.h; name = HTTPFileResponse.h; path = Responses/HTTPFileResponse.h; sourceTree = "<group>"; };
		2E2B925A1588627A00C4EC33 /* HTTPFileResponse.m */ = {isa = PBXFileReference; fileEncoding = 4; lastKnownFileType = sourcecode.c.objc; name = HTTPFileResponse.m; path = Responses/HTTPFileResponse.m; sourceTree = "<group>"; };
		2E2B925B1588627A00C4EC33 /* HTTPRedirectResponse.h */ = {isa = PBXFileReference; fileEncoding = 4; lastKnownFileType = sourcecode.c.h; name = HTTPRedirectResponse.h; path = Responses/HTTPRedirectResponse.h; sourceTree = "<group>"; };
		2E2B925C1588627A00C4EC33 /* HTTPRedirectResponse.m */ = {isa = PBXFileReference; fileEncoding = 4; lastKnownFileType = sourcecode.c.objc; name = HTTPRedirectResponse.m; path = Responses/HTTPRedirectResponse.m; sourceTree = "<group>"; };
		2E2B926F1588635D00C4EC33 /* DDAbstractDatabaseLogger.h */ = {isa = PBXFileReference; fileEncoding = 4; lastKnownFileType = sourcecode.c.h; path = DDAbstractDatabaseLogger.h; sourceTree = "<group>"; };
		2E2B92701588635D00C4EC33 /* DDAbstractDatabaseLogger.m */ = {isa = PBXFileReference; fileEncoding = 4; lastKnownFileType = sourcecode.c.objc; path = DDAbstractDatabaseLogger.m; sourceTree = "<group>"; };
		2E2B92711588635D00C4EC33 /* DDASLLogger.h */ = {isa = PBXFileReference; fileEncoding = 4; lastKnownFileType = sourcecode.c.h; path = DDASLLogger.h; sourceTree = "<group>"; };
		2E2B92721588635D00C4EC33 /* DDASLLogger.m */ = {isa = PBXFileReference; fileEncoding = 4; lastKnownFileType = sourcecode.c.objc; path = DDASLLogger.m; sourceTree = "<group>"; };
		2E2B92731588635D00C4EC33 /* DDFileLogger.h */ = {isa = PBXFileReference; fileEncoding = 4; lastKnownFileType = sourcecode.c.h; path = DDFileLogger.h; sourceTree = "<group>"; };
		2E2B92741588635D00C4EC33 /* DDFileLogger.m */ = {isa = PBXFileReference; fileEncoding = 4; lastKnownFileType = sourcecode.c.objc; path = DDFileLogger.m; sourceTree = "<group>"; };
		2E2B92751588635D00C4EC33 /* DDLog.h */ = {isa = PBXFileReference; fileEncoding = 4; lastKnownFileType = sourcecode.c.h; path = DDLog.h; sourceTree = "<group>"; };
		2E2B92761588635D00C4EC33 /* DDLog.m */ = {isa = PBXFileReference; fileEncoding = 4; lastKnownFileType = sourcecode.c.objc; path = DDLog.m; sourceTree = "<group>"; };
		2E2B92771588635D00C4EC33 /* DDTTYLogger.h */ = {isa = PBXFileReference; fileEncoding = 4; lastKnownFileType = sourcecode.c.h; path = DDTTYLogger.h; sourceTree = "<group>"; };
		2E2B92781588635D00C4EC33 /* DDTTYLogger.m */ = {isa = PBXFileReference; fileEncoding = 4; lastKnownFileType = sourcecode.c.objc; path = DDTTYLogger.m; sourceTree = "<group>"; };
		2E2B927F1588639C00C4EC33 /* ContextFilterLogFormatter.h */ = {isa = PBXFileReference; fileEncoding = 4; lastKnownFileType = sourcecode.c.h; path = ContextFilterLogFormatter.h; sourceTree = "<group>"; };
		2E2B92801588639C00C4EC33 /* ContextFilterLogFormatter.m */ = {isa = PBXFileReference; fileEncoding = 4; lastKnownFileType = sourcecode.c.objc; path = ContextFilterLogFormatter.m; sourceTree = "<group>"; };
		2E2B92811588639C00C4EC33 /* DispatchQueueLogFormatter.h */ = {isa = PBXFileReference; fileEncoding = 4; lastKnownFileType = sourcecode.c.h; path = DispatchQueueLogFormatter.h; sourceTree = "<group>"; };
		2E2B92821588639C00C4EC33 /* DispatchQueueLogFormatter.m */ = {isa = PBXFileReference; fileEncoding = 4; lastKnownFileType = sourcecode.c.objc; path = DispatchQueueLogFormatter.m; sourceTree = "<group>"; };
		2E2B9287158863C200C4EC33 /* GCDAsyncSocket.h */ = {isa = PBXFileReference; fileEncoding = 4; lastKnownFileType = sourcecode.c.h; path = GCDAsyncSocket.h; sourceTree = "<group>"; };
		2E2B9288158863C200C4EC33 /* GCDAsyncSocket.m */ = {isa = PBXFileReference; fileEncoding = 4; lastKnownFileType = sourcecode.c.objc; path = GCDAsyncSocket.m; sourceTree = "<group>"; };
		2E2B928A158864BB00C4EC33 /* Security.framework */ = {isa = PBXFileReference; lastKnownFileType = wrapper.framework; name = Security.framework; path = System/Library/Frameworks/Security.framework; sourceTree = SDKROOT; };
		2E2B928C158864FD00C4EC33 /* CFNetwork.framework */ = {isa = PBXFileReference; lastKnownFileType = wrapper.framework; name = CFNetwork.framework; path = System/Library/Frameworks/CFNetwork.framework; sourceTree = SDKROOT; };
		2E2B929915886CD300C4EC33 /* EchoHTTPConnection.h */ = {isa = PBXFileReference; fileEncoding = 4; lastKnownFileType = sourcecode.c.h; path = EchoHTTPConnection.h; sourceTree = "<group>"; };
		2E2B929A15886CD300C4EC33 /* EchoHTTPConnection.m */ = {isa = PBXFileReference; fileEncoding = 4; lastKnownFileType = sourcecode.c.objc; path = EchoHTTPConnection.m; sourceTree = "<group>"; };
		2E6D62E51586DB8700E81A6E /* local-http-communication.app */ = {isa = PBXFileReference; explicitFileType = wrapper.application; includeInIndex = 0; path = "local-http-communication.app"; sourceTree = BUILT_PRODUCTS_DIR; };
		2E6D62E91586DB8700E81A6E /* UIKit.framework */ = {isa = PBXFileReference; lastKnownFileType = wrapper.framework; name = UIKit.framework; path = System/Library/Frameworks/UIKit.framework; sourceTree = SDKROOT; };
		2E6D62EB1586DB8700E81A6E /* Foundation.framework */ = {isa = PBXFileReference; lastKnownFileType = wrapper.framework; name = Foundation.framework; path = System/Library/Frameworks/Foundation.framework; sourceTree = SDKROOT; };
		2E6D62ED1586DB8700E81A6E /* CoreGraphics.framework */ = {isa = PBXFileReference; lastKnownFileType = wrapper.framework; name = CoreGraphics.framework; path = System/Library/Frameworks/CoreGraphics.framework; sourceTree = SDKROOT; };
		2E6D62F11586DB8700E81A6E /* local-http-communication-Info.plist */ = {isa = PBXFileReference; lastKnownFileType = text.plist; path = "local-http-communication-Info.plist"; sourceTree = "<group>"; };
		2E6D62F31586DB8700E81A6E /* en */ = {isa = PBXFileReference; lastKnownFileType = text.plist.strings; name = en; path = en.lproj/InfoPlist.strings; sourceTree = "<group>"; };
		2E6D62F51586DB8800E81A6E /* main.m */ = {isa = PBXFileReference; lastKnownFileType = sourcecode.c.objc; path = main.m; sourceTree = "<group>"; };
		2E6D62F71586DB8800E81A6E /* local-http-communication-Prefix.pch */ = {isa = PBXFileReference; lastKnownFileType = sourcecode.c.h; path = "local-http-communication-Prefix.pch"; sourceTree = "<group>"; };
		2E6D62F81586DB8800E81A6E /* AppDelegate.h */ = {isa = PBXFileReference; lastKnownFileType = sourcecode.c.h; path = AppDelegate.h; sourceTree = "<group>"; };
		2E6D62F91586DB8800E81A6E /* AppDelegate.m */ = {isa = PBXFileReference; lastKnownFileType = sourcecode.c.objc; path = AppDelegate.m; sourceTree = "<group>"; };
		2E6D62FB1586DB8800E81A6E /* ViewController.h */ = {isa = PBXFileReference; lastKnownFileType = sourcecode.c.h; path = ViewController.h; sourceTree = "<group>"; };
		2E6D62FC1586DB8800E81A6E /* ViewController.m */ = {isa = PBXFileReference; lastKnownFileType = sourcecode.c.objc; path = ViewController.m; sourceTree = "<group>"; };
		2E6D62FF1586DB8800E81A6E /* en */ = {isa = PBXFileReference; lastKnownFileType = file.xib; name = en; path = en.lproj/ViewController.xib; sourceTree = "<group>"; };
		2E6D63061586DB8800E81A6E /* local-http-communicationTests.octest */ = {isa = PBXFileReference; explicitFileType = wrapper.cfbundle; includeInIndex = 0; path = "local-http-communicationTests.octest"; sourceTree = BUILT_PRODUCTS_DIR; };
		2E6D63071586DB8800E81A6E /* SenTestingKit.framework */ = {isa = PBXFileReference; lastKnownFileType = wrapper.framework; name = SenTestingKit.framework; path = Library/Frameworks/SenTestingKit.framework; sourceTree = DEVELOPER_DIR; };
		2E6D630F1586DB8800E81A6E /* local-http-communicationTests-Info.plist */ = {isa = PBXFileReference; lastKnownFileType = text.plist.xml; path = "local-http-communicationTests-Info.plist"; sourceTree = "<group>"; };
		2E6D63111586DB8800E81A6E /* en */ = {isa = PBXFileReference; lastKnownFileType = text.plist.strings; name = en; path = en.lproj/InfoPlist.strings; sourceTree = "<group>"; };
		2E6D63131586DB8800E81A6E /* HTTPServerTests.h */ = {isa = PBXFileReference; lastKnownFileType = sourcecode.c.h; path = HTTPServerTests.h; sourceTree = "<group>"; };
		2E6D63141586DB8800E81A6E /* HTTPServerTests.m */ = {isa = PBXFileReference; lastKnownFileType = sourcecode.c.objc; path = HTTPServerTests.m; sourceTree = "<group>"; };
		2EDE0858158F03420048EC9E /* RequestRouter.h */ = {isa = PBXFileReference; fileEncoding = 4; lastKnownFileType = sourcecode.c.h; path = RequestRouter.h; sourceTree = "<group>"; };
		2EDE0859158F03420048EC9E /* RequestRouter.m */ = {isa = PBXFileReference; fileEncoding = 4; lastKnownFileType = sourcecode.c.objc; path = RequestRouter.m; sourceTree = "<group>"; };
		2EDE085B158F04490048EC9E /* Action.h */ = {isa = PBXFileReference; fileEncoding = 4; lastKnownFileType = sourcecode.c.h; path = Action.h; sourceTree = "<group>"; };
		2EDE085C158F04490048EC9E /* Action.m */ = {isa = PBXFileReference; fileEncoding = 4; lastKnownFileType = sourcecode.c.objc; path = Action.m; sourceTree = "<group>"; };
		2EDE085E158F06CD0048EC9E /* RoutableHTTPConnection.h */ = {isa = PBXFileReference; fileEncoding = 4; lastKnownFileType = sourcecode.c.h; path = RoutableHTTPConnection.h; sourceTree = "<group>"; };
		2EDE085F158F06CD0048EC9E /* RoutableHTTPConnection.m */ = {isa = PBXFileReference; fileEncoding = 4; lastKnownFileType = sourcecode.c.objc; path = RoutableHTTPConnection.m; sourceTree = "<group>"; };
/* End PBXFileReference section */

/* Begin PBXFrameworksBuildPhase section */
		2E6D62E21586DB8700E81A6E /* Frameworks */ = {
			isa = PBXFrameworksBuildPhase;
			buildActionMask = 2147483647;
			files = (
				2E2B928E158865BA00C4EC33 /* CFNetwork.framework in Frameworks */,
				2E2B928B158864BB00C4EC33 /* Security.framework in Frameworks */,
				2E6D62EA1586DB8700E81A6E /* UIKit.framework in Frameworks */,
				2E6D62EC1586DB8700E81A6E /* Foundation.framework in Frameworks */,
				2E6D62EE1586DB8700E81A6E /* CoreGraphics.framework in Frameworks */,
			);
			runOnlyForDeploymentPostprocessing = 0;
		};
		2E6D63021586DB8800E81A6E /* Frameworks */ = {
			isa = PBXFrameworksBuildPhase;
			buildActionMask = 2147483647;
			files = (
				2EDE086B158F23600048EC9E /* CFNetwork.framework in Frameworks */,
				2EDE0869158F23590048EC9E /* Security.framework in Frameworks */,
				2E6D63081586DB8800E81A6E /* SenTestingKit.framework in Frameworks */,
				2E6D63091586DB8800E81A6E /* UIKit.framework in Frameworks */,
				2E6D630A1586DB8800E81A6E /* Foundation.framework in Frameworks */,
			);
			runOnlyForDeploymentPostprocessing = 0;
		};
/* End PBXFrameworksBuildPhase section */

/* Begin PBXGroup section */
		2E2B92271588610500C4EC33 /* Core */ = {
			isa = PBXGroup;
			children = (
				2E2B92301588622500C4EC33 /* HTTPAuthenticationRequest.h */,
				2E2B92311588622500C4EC33 /* HTTPAuthenticationRequest.m */,
				2E2B92321588622500C4EC33 /* HTTPConnection.h */,
				2E2B92331588622500C4EC33 /* HTTPConnection.m */,
				2E2B92341588622500C4EC33 /* HTTPLogging.h */,
				2E2B92351588622500C4EC33 /* HTTPMessage.h */,
				2E2B92361588622500C4EC33 /* HTTPMessage.m */,
				2E2B92371588622500C4EC33 /* HTTPResponse.h */,
				2E2B92381588622500C4EC33 /* HTTPServer.h */,
				2E2B92391588622500C4EC33 /* HTTPServer.m */,
				2E2B923A1588622500C4EC33 /* WebSocket.h */,
				2E2B923B1588622500C4EC33 /* WebSocket.m */,
				2E2B922F158861D200C4EC33 /* Responses */,
				2E2B922E158861C000C4EC33 /* Mime */,
				2E2B922D158861AC00C4EC33 /* Categories */,
			);
			path = Core;
			sourceTree = "<group>";
		};
		2E2B92291588610B00C4EC33 /* Extensions */ = {
			isa = PBXGroup;
			children = (
			);
			path = Extensions;
			sourceTree = "<group>";
		};
		2E2B922A1588612C00C4EC33 /* Vendor */ = {
			isa = PBXGroup;
			children = (
				2E2B922C1588616A00C4EC33 /* CocoaLumberjack */,
				2E2B922B1588614E00C4EC33 /* CocoaAsyncSocket */,
			);
			path = Vendor;
			sourceTree = "<group>";
		};
		2E2B922B1588614E00C4EC33 /* CocoaAsyncSocket */ = {
			isa = PBXGroup;
			children = (
				2E2B9287158863C200C4EC33 /* GCDAsyncSocket.h */,
				2E2B9288158863C200C4EC33 /* GCDAsyncSocket.m */,
			);
			path = CocoaAsyncSocket;
			sourceTree = "<group>";
		};
		2E2B922C1588616A00C4EC33 /* CocoaLumberjack */ = {
			isa = PBXGroup;
			children = (
				2E2B927E1588637900C4EC33 /* Extensions */,
				2E2B926F1588635D00C4EC33 /* DDAbstractDatabaseLogger.h */,
				2E2B92701588635D00C4EC33 /* DDAbstractDatabaseLogger.m */,
				2E2B92711588635D00C4EC33 /* DDASLLogger.h */,
				2E2B92721588635D00C4EC33 /* DDASLLogger.m */,
				2E2B92731588635D00C4EC33 /* DDFileLogger.h */,
				2E2B92741588635D00C4EC33 /* DDFileLogger.m */,
				2E2B92751588635D00C4EC33 /* DDLog.h */,
				2E2B92761588635D00C4EC33 /* DDLog.m */,
				2E2B92771588635D00C4EC33 /* DDTTYLogger.h */,
				2E2B92781588635D00C4EC33 /* DDTTYLogger.m */,
			);
			path = CocoaLumberjack;
			sourceTree = "<group>";
		};
		2E2B922D158861AC00C4EC33 /* Categories */ = {
			isa = PBXGroup;
			children = (
				2E2B92411588624500C4EC33 /* DDData.h */,
				2E2B92421588624500C4EC33 /* DDData.m */,
				2E2B92431588624500C4EC33 /* DDNumber.h */,
				2E2B92441588624500C4EC33 /* DDNumber.m */,
				2E2B92451588624500C4EC33 /* DDRange.h */,
				2E2B92461588624500C4EC33 /* DDRange.m */,
			);
			path = Categories;
			sourceTree = "<group>";
		};
		2E2B922E158861C000C4EC33 /* Mime */ = {
			isa = PBXGroup;
			children = (
				2E2B924A1588626000C4EC33 /* MultipartFormDataParser.h */,
				2E2B924B1588626000C4EC33 /* MultipartFormDataParser.m */,
				2E2B924C1588626000C4EC33 /* MultipartMessageHeader.h */,
				2E2B924D1588626000C4EC33 /* MultipartMessageHeader.m */,
				2E2B924E1588626000C4EC33 /* MultipartMessageHeaderField.h */,
				2E2B924F1588626000C4EC33 /* MultipartMessageHeaderField.m */,
			);
			path = Mime;
			sourceTree = "<group>";
		};
		2E2B922F158861D200C4EC33 /* Responses */ = {
			isa = PBXGroup;
			children = (
				2E2B92531588627A00C4EC33 /* HTTPAsyncFileResponse.h */,
				2E2B92541588627A00C4EC33 /* HTTPAsyncFileResponse.m */,
				2E2B92551588627A00C4EC33 /* HTTPDataResponse.h */,
				2E2B92561588627A00C4EC33 /* HTTPDataResponse.m */,
				2E2B92571588627A00C4EC33 /* HTTPDynamicFileResponse.h */,
				2E2B92581588627A00C4EC33 /* HTTPDynamicFileResponse.m */,
				2E2B92591588627A00C4EC33 /* HTTPFileResponse.h */,
				2E2B925A1588627A00C4EC33 /* HTTPFileResponse.m */,
				2E2B925B1588627A00C4EC33 /* HTTPRedirectResponse.h */,
				2E2B925C1588627A00C4EC33 /* HTTPRedirectResponse.m */,
			);
			name = Responses;
			sourceTree = "<group>";
		};
		2E2B927E1588637900C4EC33 /* Extensions */ = {
			isa = PBXGroup;
			children = (
				2E2B927F1588639C00C4EC33 /* ContextFilterLogFormatter.h */,
				2E2B92801588639C00C4EC33 /* ContextFilterLogFormatter.m */,
				2E2B92811588639C00C4EC33 /* DispatchQueueLogFormatter.h */,
				2E2B92821588639C00C4EC33 /* DispatchQueueLogFormatter.m */,
			);
			path = Extensions;
			sourceTree = "<group>";
		};
		2E4FE5CD15883B210012C41C /* Vendor */ = {
			isa = PBXGroup;
			children = (
				2E7BC2BF158858B60063D02B /* CocoaHTTPServer */,
			);
			name = Vendor;
			sourceTree = "<group>";
		};
		2E6D62DA1586DB8700E81A6E = {
			isa = PBXGroup;
			children = (
				2E4FE5CD15883B210012C41C /* Vendor */,
				2E6D62EF1586DB8700E81A6E /* Classes */,
				2E6D630D1586DB8800E81A6E /* Tests */,
				2E6D62E81586DB8700E81A6E /* Frameworks */,
				2E6D62E61586DB8700E81A6E /* Products */,
			);
			sourceTree = "<group>";
		};
		2E6D62E61586DB8700E81A6E /* Products */ = {
			isa = PBXGroup;
			children = (
				2E6D62E51586DB8700E81A6E /* local-http-communication.app */,
				2E6D63061586DB8800E81A6E /* local-http-communicationTests.octest */,
			);
			name = Products;
			sourceTree = "<group>";
		};
		2E6D62E81586DB8700E81A6E /* Frameworks */ = {
			isa = PBXGroup;
			children = (
				2E2B928C158864FD00C4EC33 /* CFNetwork.framework */,
				2E2B928A158864BB00C4EC33 /* Security.framework */,
				2E6D62E91586DB8700E81A6E /* UIKit.framework */,
				2E6D62EB1586DB8700E81A6E /* Foundation.framework */,
				2E6D62ED1586DB8700E81A6E /* CoreGraphics.framework */,
				2E6D63071586DB8800E81A6E /* SenTestingKit.framework */,
			);
			name = Frameworks;
			sourceTree = "<group>";
		};
		2E6D62EF1586DB8700E81A6E /* Classes */ = {
			isa = PBXGroup;
			children = (
				2EDE0856158F02E80048EC9E /* Routing */,
				2E2B929915886CD300C4EC33 /* EchoHTTPConnection.h */,
				2E2B929A15886CD300C4EC33 /* EchoHTTPConnection.m */,
				2E6D62F81586DB8800E81A6E /* AppDelegate.h */,
				2E6D62F91586DB8800E81A6E /* AppDelegate.m */,
				2E6D62FB1586DB8800E81A6E /* ViewController.h */,
				2E6D62FC1586DB8800E81A6E /* ViewController.m */,
				2E6D62FE1586DB8800E81A6E /* ViewController.xib */,
				2E6D62F01586DB8700E81A6E /* Supporting Files */,
			);
			path = Classes;
			sourceTree = "<group>";
		};
		2E6D62F01586DB8700E81A6E /* Supporting Files */ = {
			isa = PBXGroup;
			children = (
				2E6D62F11586DB8700E81A6E /* local-http-communication-Info.plist */,
				2E6D62F21586DB8700E81A6E /* InfoPlist.strings */,
				2E6D62F51586DB8800E81A6E /* main.m */,
				2E6D62F71586DB8800E81A6E /* local-http-communication-Prefix.pch */,
			);
			name = "Supporting Files";
			sourceTree = "<group>";
		};
		2E6D630D1586DB8800E81A6E /* Tests */ = {
			isa = PBXGroup;
			children = (
				2E6D63131586DB8800E81A6E /* HTTPServerTests.h */,
				2E6D63141586DB8800E81A6E /* HTTPServerTests.m */,
				2E6D630E1586DB8800E81A6E /* Supporting Files */,
			);
			path = Tests;
			sourceTree = "<group>";
		};
		2E6D630E1586DB8800E81A6E /* Supporting Files */ = {
			isa = PBXGroup;
			children = (
				2E6D630F1586DB8800E81A6E /* local-http-communicationTests-Info.plist */,
				2E6D63101586DB8800E81A6E /* InfoPlist.strings */,
			);
			name = "Supporting Files";
			sourceTree = "<group>";
		};
		2E7BC2BF158858B60063D02B /* CocoaHTTPServer */ = {
			isa = PBXGroup;
			children = (
				2E2B922A1588612C00C4EC33 /* Vendor */,
				2E2B92291588610B00C4EC33 /* Extensions */,
				2E2B92271588610500C4EC33 /* Core */,
			);
			name = CocoaHTTPServer;
			path = Vendor/CocoaHTTPServer;
			sourceTree = "<group>";
		};
		2EDE0856158F02E80048EC9E /* Routing */ = {
			isa = PBXGroup;
			children = (
				2EDE0858158F03420048EC9E /* RequestRouter.h */,
				2EDE0859158F03420048EC9E /* RequestRouter.m */,
				2EDE085B158F04490048EC9E /* Action.h */,
				2EDE085C158F04490048EC9E /* Action.m */,
				2EDE085E158F06CD0048EC9E /* RoutableHTTPConnection.h */,
				2EDE085F158F06CD0048EC9E /* RoutableHTTPConnection.m */,
			);
			path = Routing;
			sourceTree = "<group>";
		};
/* End PBXGroup section */

/* Begin PBXNativeTarget section */
		2E6D62E41586DB8700E81A6E /* local-http-communication */ = {
			isa = PBXNativeTarget;
			buildConfigurationList = 2E6D63181586DB8800E81A6E /* Build configuration list for PBXNativeTarget "local-http-communication" */;
			buildPhases = (
				2E6D62E11586DB8700E81A6E /* Sources */,
				2E6D62E21586DB8700E81A6E /* Frameworks */,
				2E6D62E31586DB8700E81A6E /* Resources */,
			);
			buildRules = (
			);
			dependencies = (
			);
			name = "local-http-communication";
			productName = "local-http-communication";
			productReference = 2E6D62E51586DB8700E81A6E /* local-http-communication.app */;
			productType = "com.apple.product-type.application";
		};
		2E6D63051586DB8800E81A6E /* local-http-communicationTests */ = {
			isa = PBXNativeTarget;
			buildConfigurationList = 2E6D631B1586DB8800E81A6E /* Build configuration list for PBXNativeTarget "local-http-communicationTests" */;
			buildPhases = (
				2E6D63011586DB8800E81A6E /* Sources */,
				2E6D63021586DB8800E81A6E /* Frameworks */,
				2E6D63031586DB8800E81A6E /* Resources */,
				2E6D63041586DB8800E81A6E /* ShellScript */,
			);
			buildRules = (
			);
			dependencies = (
				2E6D630C1586DB8800E81A6E /* PBXTargetDependency */,
			);
			name = "local-http-communicationTests";
			productName = "local-http-communicationTests";
			productReference = 2E6D63061586DB8800E81A6E /* local-http-communicationTests.octest */;
			productType = "com.apple.product-type.bundle";
		};
/* End PBXNativeTarget section */

/* Begin PBXProject section */
		2E6D62DC1586DB8700E81A6E /* Project object */ = {
			isa = PBXProject;
			attributes = {
				LastUpgradeCheck = 0430;
			};
			buildConfigurationList = 2E6D62DF1586DB8700E81A6E /* Build configuration list for PBXProject "local-http-communication" */;
			compatibilityVersion = "Xcode 3.2";
			developmentRegion = English;
			hasScannedForEncodings = 0;
			knownRegions = (
				en,
			);
			mainGroup = 2E6D62DA1586DB8700E81A6E;
			productRefGroup = 2E6D62E61586DB8700E81A6E /* Products */;
			projectDirPath = "";
			projectRoot = "";
			targets = (
				2E6D62E41586DB8700E81A6E /* local-http-communication */,
				2E6D63051586DB8800E81A6E /* local-http-communicationTests */,
			);
		};
/* End PBXProject section */

/* Begin PBXResourcesBuildPhase section */
		2E6D62E31586DB8700E81A6E /* Resources */ = {
			isa = PBXResourcesBuildPhase;
			buildActionMask = 2147483647;
			files = (
				2E6D62F41586DB8700E81A6E /* InfoPlist.strings in Resources */,
				2E6D63001586DB8800E81A6E /* ViewController.xib in Resources */,
			);
			runOnlyForDeploymentPostprocessing = 0;
		};
		2E6D63031586DB8800E81A6E /* Resources */ = {
			isa = PBXResourcesBuildPhase;
			buildActionMask = 2147483647;
			files = (
				2E6D63121586DB8800E81A6E /* InfoPlist.strings in Resources */,
			);
			runOnlyForDeploymentPostprocessing = 0;
		};
/* End PBXResourcesBuildPhase section */

/* Begin PBXShellScriptBuildPhase section */
		2E6D63041586DB8800E81A6E /* ShellScript */ = {
			isa = PBXShellScriptBuildPhase;
			buildActionMask = 2147483647;
			files = (
			);
			inputPaths = (
			);
			outputPaths = (
			);
			runOnlyForDeploymentPostprocessing = 0;
			shellPath = /bin/sh;
			shellScript = "# Run the unit tests in this test bundle.\n\"${SYSTEM_DEVELOPER_DIR}/Tools/RunUnitTests\"\n";
		};
/* End PBXShellScriptBuildPhase section */

/* Begin PBXSourcesBuildPhase section */
		2E6D62E11586DB8700E81A6E /* Sources */ = {
			isa = PBXSourcesBuildPhase;
			buildActionMask = 2147483647;
			files = (
				2E6D62F61586DB8800E81A6E /* main.m in Sources */,
				2E6D62FA1586DB8800E81A6E /* AppDelegate.m in Sources */,
				2E6D62FD1586DB8800E81A6E /* ViewController.m in Sources */,
				2E2B92471588624500C4EC33 /* DDData.m in Sources */,
				2E2B92481588624500C4EC33 /* DDNumber.m in Sources */,
				2E2B92491588624500C4EC33 /* DDRange.m in Sources */,
				2E2B92501588626000C4EC33 /* MultipartFormDataParser.m in Sources */,
				2E2B92511588626000C4EC33 /* MultipartMessageHeader.m in Sources */,
				2E2B92521588626000C4EC33 /* MultipartMessageHeaderField.m in Sources */,
				2E2B925D1588627A00C4EC33 /* HTTPAsyncFileResponse.m in Sources */,
				2E2B925E1588627A00C4EC33 /* HTTPDataResponse.m in Sources */,
				2E2B925F1588627A00C4EC33 /* HTTPDynamicFileResponse.m in Sources */,
				2E2B92601588627A00C4EC33 /* HTTPFileResponse.m in Sources */,
				2E2B92611588627A00C4EC33 /* HTTPRedirectResponse.m in Sources */,
				2E2B92791588635D00C4EC33 /* DDAbstractDatabaseLogger.m in Sources */,
				2E2B927A1588635D00C4EC33 /* DDASLLogger.m in Sources */,
				2E2B927B1588635D00C4EC33 /* DDFileLogger.m in Sources */,
				2E2B927C1588635D00C4EC33 /* DDLog.m in Sources */,
				2E2B927D1588635D00C4EC33 /* DDTTYLogger.m in Sources */,
				2E2B92841588639C00C4EC33 /* ContextFilterLogFormatter.m in Sources */,
				2E2B92851588639C00C4EC33 /* DispatchQueueLogFormatter.m in Sources */,
				2E2B9289158863C200C4EC33 /* GCDAsyncSocket.m in Sources */,
				2E2B929315886A3200C4EC33 /* HTTPAuthenticationRequest.m in Sources */,
				2E2B929515886A4000C4EC33 /* HTTPConnection.m in Sources */,
				2E2B929615886A4A00C4EC33 /* HTTPMessage.m in Sources */,
				2E2B929715886A5100C4EC33 /* HTTPServer.m in Sources */,
				2E2B929815886A7300C4EC33 /* WebSocket.m in Sources */,
				2E2B929B15886CD300C4EC33 /* EchoHTTPConnection.m in Sources */,
				2EDE085A158F03420048EC9E /* RequestRouter.m in Sources */,
				2EDE085D158F04490048EC9E /* Action.m in Sources */,
				2EDE0860158F06CD0048EC9E /* RoutableHTTPConnection.m in Sources */,
			);
			runOnlyForDeploymentPostprocessing = 0;
		};
		2E6D63011586DB8800E81A6E /* Sources */ = {
			isa = PBXSourcesBuildPhase;
			buildActionMask = 2147483647;
			files = (
				2E6D63151586DB8800E81A6E /* HTTPServerTests.m in Sources */,
				2E2B923C1588622500C4EC33 /* HTTPAuthenticationRequest.m in Sources */,
				2E2B923D1588622500C4EC33 /* HTTPConnection.m in Sources */,
				2E2B923E1588622500C4EC33 /* HTTPMessage.m in Sources */,
				2E2B923F1588622500C4EC33 /* HTTPServer.m in Sources */,
				2E2B92401588622500C4EC33 /* WebSocket.m in Sources */,
			);
			runOnlyForDeploymentPostprocessing = 0;
		};
/* End PBXSourcesBuildPhase section */

/* Begin PBXTargetDependency section */
		2E6D630C1586DB8800E81A6E /* PBXTargetDependency */ = {
			isa = PBXTargetDependency;
			target = 2E6D62E41586DB8700E81A6E /* local-http-communication */;
			targetProxy = 2E6D630B1586DB8800E81A6E /* PBXContainerItemProxy */;
		};
/* End PBXTargetDependency section */

/* Begin PBXVariantGroup section */
		2E6D62F21586DB8700E81A6E /* InfoPlist.strings */ = {
			isa = PBXVariantGroup;
			children = (
				2E6D62F31586DB8700E81A6E /* en */,
			);
			name = InfoPlist.strings;
			sourceTree = "<group>";
		};
		2E6D62FE1586DB8800E81A6E /* ViewController.xib */ = {
			isa = PBXVariantGroup;
			children = (
				2E6D62FF1586DB8800E81A6E /* en */,
			);
			name = ViewController.xib;
			sourceTree = "<group>";
		};
		2E6D63101586DB8800E81A6E /* InfoPlist.strings */ = {
			isa = PBXVariantGroup;
			children = (
				2E6D63111586DB8800E81A6E /* en */,
			);
			name = InfoPlist.strings;
			sourceTree = "<group>";
		};
/* End PBXVariantGroup section */

/* Begin XCBuildConfiguration section */
		2E6D63161586DB8800E81A6E /* Debug */ = {
			isa = XCBuildConfiguration;
			buildSettings = {
				ALWAYS_SEARCH_USER_PATHS = NO;
				ARCHS = "$(ARCHS_STANDARD_32_BIT)";
				CLANG_ENABLE_OBJC_ARC = YES;
				"CODE_SIGN_IDENTITY[sdk=iphoneos*]" = "iPhone Developer";
				COPY_PHASE_STRIP = NO;
				GCC_C_LANGUAGE_STANDARD = gnu99;
				GCC_DYNAMIC_NO_PIC = NO;
				GCC_OPTIMIZATION_LEVEL = 0;
				GCC_PREPROCESSOR_DEFINITIONS = (
					"DEBUG=1",
					"$(inherited)",
				);
				GCC_SYMBOLS_PRIVATE_EXTERN = NO;
				GCC_VERSION = com.apple.compilers.llvm.clang.1_0;
				GCC_WARN_ABOUT_RETURN_TYPE = YES;
				GCC_WARN_UNINITIALIZED_AUTOS = YES;
				GCC_WARN_UNUSED_VARIABLE = YES;
				IPHONEOS_DEPLOYMENT_TARGET = 5.1;
				SDKROOT = iphoneos;
				TARGETED_DEVICE_FAMILY = 2;
			};
			name = Debug;
		};
		2E6D63171586DB8800E81A6E /* Release */ = {
			isa = XCBuildConfiguration;
			buildSettings = {
				ALWAYS_SEARCH_USER_PATHS = NO;
				ARCHS = "$(ARCHS_STANDARD_32_BIT)";
				CLANG_ENABLE_OBJC_ARC = YES;
				"CODE_SIGN_IDENTITY[sdk=iphoneos*]" = "iPhone Developer";
				COPY_PHASE_STRIP = YES;
				GCC_C_LANGUAGE_STANDARD = gnu99;
				GCC_VERSION = com.apple.compilers.llvm.clang.1_0;
				GCC_WARN_ABOUT_RETURN_TYPE = YES;
				GCC_WARN_UNINITIALIZED_AUTOS = YES;
				GCC_WARN_UNUSED_VARIABLE = YES;
				IPHONEOS_DEPLOYMENT_TARGET = 5.1;
				OTHER_CFLAGS = "-DNS_BLOCK_ASSERTIONS=1";
				SDKROOT = iphoneos;
				TARGETED_DEVICE_FAMILY = 2;
				VALIDATE_PRODUCT = YES;
			};
			name = Release;
		};
		2E6D63191586DB8800E81A6E /* Debug */ = {
			isa = XCBuildConfiguration;
			buildSettings = {
				ALWAYS_SEARCH_USER_PATHS = YES;
				CONFIGURATION_TEMP_DIR = "$(PROJECT_TEMP_DIR)/$(CONFIGURATION)$(EFFECTIVE_PLATFORM_NAME)";
				GCC_PRECOMPILE_PREFIX_HEADER = YES;
				GCC_PREFIX_HEADER = "Classes/local-http-communication-Prefix.pch";
				INFOPLIST_FILE = "Classes/local-http-communication-Info.plist";
				LIBRARY_SEARCH_PATHS = "Vendor/**";
				PRODUCT_NAME = "local-http-communication";
				WRAPPER_EXTENSION = app;
			};
			name = Debug;
		};
		2E6D631A1586DB8800E81A6E /* Release */ = {
			isa = XCBuildConfiguration;
			buildSettings = {
				ALWAYS_SEARCH_USER_PATHS = YES;
				CONFIGURATION_TEMP_DIR = "$(PROJECT_TEMP_DIR)/$(CONFIGURATION)$(EFFECTIVE_PLATFORM_NAME)";
				GCC_PRECOMPILE_PREFIX_HEADER = YES;
				GCC_PREFIX_HEADER = "Classes/local-http-communication-Prefix.pch";
				INFOPLIST_FILE = "Classes/local-http-communication-Info.plist";
				LIBRARY_SEARCH_PATHS = "Vendor/**";
				PRODUCT_NAME = "local-http-communication";
				WRAPPER_EXTENSION = app;
			};
			name = Release;
		};
		2E6D631C1586DB8800E81A6E /* Debug */ = {
			isa = XCBuildConfiguration;
			buildSettings = {
				BUNDLE_LOADER = "$(BUILT_PRODUCTS_DIR)/local-http-communication.app/local-http-communication";
				FRAMEWORK_SEARCH_PATHS = (
					"$(SDKROOT)/Developer/Library/Frameworks",
					"$(DEVELOPER_LIBRARY_DIR)/Frameworks",
				);
				GCC_PRECOMPILE_PREFIX_HEADER = YES;
				GCC_PREFIX_HEADER = "Classes/local-http-communication-Prefix.pch";
				INFOPLIST_FILE = "Tests/local-http-communicationTests-Info.plist";
				PRODUCT_NAME = "local-http-communicationTests";
				TEST_HOST = "$(BUNDLE_LOADER)";
				WRAPPER_EXTENSION = octest;
			};
			name = Debug;
		};
		2E6D631D1586DB8800E81A6E /* Release */ = {
			isa = XCBuildConfiguration;
			buildSettings = {
				BUNDLE_LOADER = "$(BUILT_PRODUCTS_DIR)/local-http-communication.app/local-http-communication";
				FRAMEWORK_SEARCH_PATHS = (
					"$(SDKROOT)/Developer/Library/Frameworks",
					"$(DEVELOPER_LIBRARY_DIR)/Frameworks",
				);
				GCC_PRECOMPILE_PREFIX_HEADER = YES;
				GCC_PREFIX_HEADER = "Classes/local-http-communication-Prefix.pch";
				INFOPLIST_FILE = "Tests/local-http-communicationTests-Info.plist";
				PRODUCT_NAME = "local-http-communicationTests";
				TEST_HOST = "$(BUNDLE_LOADER)";
				WRAPPER_EXTENSION = octest;
			};
			name = Release;
		};
/* End XCBuildConfiguration section */

/* Begin XCConfigurationList section */
		2E6D62DF1586DB8700E81A6E /* Build configuration list for PBXProject "local-http-communication" */ = {
			isa = XCConfigurationList;
			buildConfigurations = (
				2E6D63161586DB8800E81A6E /* Debug */,
				2E6D63171586DB8800E81A6E /* Release */,
			);
			defaultConfigurationIsVisible = 0;
			defaultConfigurationName = Release;
		};
		2E6D63181586DB8800E81A6E /* Build configuration list for PBXNativeTarget "local-http-communication" */ = {
			isa = XCConfigurationList;
			buildConfigurations = (
				2E6D63191586DB8800E81A6E /* Debug */,
				2E6D631A1586DB8800E81A6E /* Release */,
			);
			defaultConfigurationIsVisible = 0;
			defaultConfigurationName = Release;
		};
		2E6D631B1586DB8800E81A6E /* Build configuration list for PBXNativeTarget "local-http-communicationTests" */ = {
			isa = XCConfigurationList;
			buildConfigurations = (
				2E6D631C1586DB8800E81A6E /* Debug */,
				2E6D631D1586DB8800E81A6E /* Release */,
			);
			defaultConfigurationIsVisible = 0;
			defaultConfigurationName = Release;
		};
/* End XCConfigurationList section */
	};
	rootObject = 2E6D62DC1586DB8700E81A6E /* Project object */;
}
