// !$*UTF8*$!
{
	archiveVersion = 1;
	classes = {
	};
	objectVersion = 46;
	objects = {

/* Begin PBXBuildFile section */
		2E2B928B158864BB00C4EC33 /* Security.framework in Frameworks */ = {isa = PBXBuildFile; fileRef = 2E2B928A158864BB00C4EC33 /* Security.framework */; };
		2E2B928E158865BA00C4EC33 /* CFNetwork.framework in Frameworks */ = {isa = PBXBuildFile; fileRef = 2E2B928C158864FD00C4EC33 /* CFNetwork.framework */; };
		2E6D62EA1586DB8700E81A6E /* UIKit.framework in Frameworks */ = {isa = PBXBuildFile; fileRef = 2E6D62E91586DB8700E81A6E /* UIKit.framework */; };
		2E6D62EC1586DB8700E81A6E /* Foundation.framework in Frameworks */ = {isa = PBXBuildFile; fileRef = 2E6D62EB1586DB8700E81A6E /* Foundation.framework */; };
		2E6D62EE1586DB8700E81A6E /* CoreGraphics.framework in Frameworks */ = {isa = PBXBuildFile; fileRef = 2E6D62ED1586DB8700E81A6E /* CoreGraphics.framework */; };
		2E6D62F41586DB8700E81A6E /* InfoPlist.strings in Resources */ = {isa = PBXBuildFile; fileRef = 2E6D62F21586DB8700E81A6E /* InfoPlist.strings */; };
		2E6D62F61586DB8800E81A6E /* main.m in Sources */ = {isa = PBXBuildFile; fileRef = 2E6D62F51586DB8800E81A6E /* main.m */; };
		2E6D62FA1586DB8800E81A6E /* TRAppDelegate.m in Sources */ = {isa = PBXBuildFile; fileRef = 2E6D62F91586DB8800E81A6E /* TRAppDelegate.m */; };
		2E6D62FD1586DB8800E81A6E /* TRViewController.m in Sources */ = {isa = PBXBuildFile; fileRef = 2E6D62FC1586DB8800E81A6E /* TRViewController.m */; };
		2E6D63001586DB8800E81A6E /* TRViewController.xib in Resources */ = {isa = PBXBuildFile; fileRef = 2E6D62FE1586DB8800E81A6E /* TRViewController.xib */; };
		2EBA178C15901F1400FD31C3 /* Foundation.framework in Frameworks */ = {isa = PBXBuildFile; fileRef = 2E6D62EB1586DB8700E81A6E /* Foundation.framework */; };
		2EBA179615901F5700FD31C3 /* TRRequestRouter.m in Sources */ = {isa = PBXBuildFile; fileRef = 2EDE0859158F03420048EC9E /* TRRequestRouter.m */; };
		2EBA179715901F5B00FD31C3 /* TRAction.m in Sources */ = {isa = PBXBuildFile; fileRef = 2EDE085C158F04490048EC9E /* TRAction.m */; };
		2EBA179815901F5E00FD31C3 /* TRBlocksAction.m in Sources */ = {isa = PBXBuildFile; fileRef = 2EBB079D158F3207004F2E9B /* TRBlocksAction.m */; };
		2EBA179915901F6200FD31C3 /* TRRoutableHTTPConnection.m in Sources */ = {isa = PBXBuildFile; fileRef = 2EDE085F158F06CD0048EC9E /* TRRoutableHTTPConnection.m */; };
		2EBA179A1590204300FD31C3 /* HTTPAuthenticationRequest.m in Sources */ = {isa = PBXBuildFile; fileRef = 2E2B92311588622500C4EC33 /* HTTPAuthenticationRequest.m */; };
		2EBA179B1590204300FD31C3 /* HTTPConnection.m in Sources */ = {isa = PBXBuildFile; fileRef = 2E2B92331588622500C4EC33 /* HTTPConnection.m */; };
		2EBA179C1590204300FD31C3 /* HTTPMessage.m in Sources */ = {isa = PBXBuildFile; fileRef = 2E2B92361588622500C4EC33 /* HTTPMessage.m */; };
		2EBA179D1590204300FD31C3 /* HTTPServer.m in Sources */ = {isa = PBXBuildFile; fileRef = 2E2B92391588622500C4EC33 /* HTTPServer.m */; };
		2EBA179E1590204300FD31C3 /* WebSocket.m in Sources */ = {isa = PBXBuildFile; fileRef = 2E2B923B1588622500C4EC33 /* WebSocket.m */; };
		2EBA179F1590205800FD31C3 /* DDData.m in Sources */ = {isa = PBXBuildFile; fileRef = 2E2B92421588624500C4EC33 /* DDData.m */; };
		2EBA17A01590205800FD31C3 /* DDNumber.m in Sources */ = {isa = PBXBuildFile; fileRef = 2E2B92441588624500C4EC33 /* DDNumber.m */; };
		2EBA17A11590205800FD31C3 /* DDRange.m in Sources */ = {isa = PBXBuildFile; fileRef = 2E2B92461588624500C4EC33 /* DDRange.m */; };
		2EBA17A21590209100FD31C3 /* MultipartFormDataParser.m in Sources */ = {isa = PBXBuildFile; fileRef = 2E2B924B1588626000C4EC33 /* MultipartFormDataParser.m */; };
		2EBA17A31590209100FD31C3 /* MultipartMessageHeader.m in Sources */ = {isa = PBXBuildFile; fileRef = 2E2B924D1588626000C4EC33 /* MultipartMessageHeader.m */; };
		2EBA17A41590209100FD31C3 /* MultipartMessageHeaderField.m in Sources */ = {isa = PBXBuildFile; fileRef = 2E2B924F1588626000C4EC33 /* MultipartMessageHeaderField.m */; };
		2EBA17A5159020B900FD31C3 /* HTTPAsyncFileResponse.m in Sources */ = {isa = PBXBuildFile; fileRef = 2E2B92541588627A00C4EC33 /* HTTPAsyncFileResponse.m */; };
		2EBA17A6159020B900FD31C3 /* HTTPDataResponse.m in Sources */ = {isa = PBXBuildFile; fileRef = 2E2B92561588627A00C4EC33 /* HTTPDataResponse.m */; };
		2EBA17A7159020B900FD31C3 /* HTTPDynamicFileResponse.m in Sources */ = {isa = PBXBuildFile; fileRef = 2E2B92581588627A00C4EC33 /* HTTPDynamicFileResponse.m */; };
		2EBA17A8159020B900FD31C3 /* HTTPFileResponse.m in Sources */ = {isa = PBXBuildFile; fileRef = 2E2B925A1588627A00C4EC33 /* HTTPFileResponse.m */; };
		2EBA17A9159020B900FD31C3 /* HTTPRedirectResponse.m in Sources */ = {isa = PBXBuildFile; fileRef = 2E2B925C1588627A00C4EC33 /* HTTPRedirectResponse.m */; };
		2EBA17AA159020FE00FD31C3 /* DDAbstractDatabaseLogger.m in Sources */ = {isa = PBXBuildFile; fileRef = 2E2B92701588635D00C4EC33 /* DDAbstractDatabaseLogger.m */; };
		2EBA17AB1590212600FD31C3 /* DDASLLogger.m in Sources */ = {isa = PBXBuildFile; fileRef = 2E2B92721588635D00C4EC33 /* DDASLLogger.m */; };
		2EBA17AC1590212600FD31C3 /* DDFileLogger.m in Sources */ = {isa = PBXBuildFile; fileRef = 2E2B92741588635D00C4EC33 /* DDFileLogger.m */; };
		2EBA17AD1590212600FD31C3 /* DDLog.m in Sources */ = {isa = PBXBuildFile; fileRef = 2E2B92761588635D00C4EC33 /* DDLog.m */; };
		2EBA17AE1590212600FD31C3 /* DDTTYLogger.m in Sources */ = {isa = PBXBuildFile; fileRef = 2E2B92781588635D00C4EC33 /* DDTTYLogger.m */; };
		2EBA17AF1590214400FD31C3 /* GCDAsyncSocket.m in Sources */ = {isa = PBXBuildFile; fileRef = 2E2B9288158863C200C4EC33 /* GCDAsyncSocket.m */; };
		2EBA17B01590215D00FD31C3 /* ContextFilterLogFormatter.m in Sources */ = {isa = PBXBuildFile; fileRef = 2E2B92801588639C00C4EC33 /* ContextFilterLogFormatter.m */; };
		2EBA17B11590215D00FD31C3 /* DispatchQueueLogFormatter.m in Sources */ = {isa = PBXBuildFile; fileRef = 2E2B92821588639C00C4EC33 /* DispatchQueueLogFormatter.m */; };
		2ECAEB1515917AEE004241B5 /* SenTestingKit.framework in Frameworks */ = {isa = PBXBuildFile; fileRef = 2E6D63071586DB8800E81A6E /* SenTestingKit.framework */; };
		2ECAEB1615917AEE004241B5 /* UIKit.framework in Frameworks */ = {isa = PBXBuildFile; fileRef = 2E6D62E91586DB8700E81A6E /* UIKit.framework */; };
		2ECAEB1715917AEE004241B5 /* Foundation.framework in Frameworks */ = {isa = PBXBuildFile; fileRef = 2E6D62EB1586DB8700E81A6E /* Foundation.framework */; };
		2ECAEB2015917AEE004241B5 /* TiRESTFunctionalTestBase.m in Sources */ = {isa = PBXBuildFile; fileRef = 2ECAEB1F15917AEE004241B5 /* TiRESTFunctionalTestBase.m */; };
		2ECAEB2815917DAC004241B5 /* TiREST.h in Headers */ = {isa = PBXBuildFile; fileRef = 2ECAEB2715917D56004241B5 /* TiREST.h */; settings = {ATTRIBUTES = (Public, ); }; };
		2ECAEB2C15918CEC004241B5 /* TRAction.h in Headers */ = {isa = PBXBuildFile; fileRef = 2EDE085B158F04490048EC9E /* TRAction.h */; settings = {ATTRIBUTES = (Public, ); }; };
		2ECAEB2D15918CF1004241B5 /* TRBlocksAction.h in Headers */ = {isa = PBXBuildFile; fileRef = 2EBB079C158F3207004F2E9B /* TRBlocksAction.h */; settings = {ATTRIBUTES = (Public, ); }; };
		2ECAEB2E15918CF7004241B5 /* TRRoutableHTTPConnection.h in Headers */ = {isa = PBXBuildFile; fileRef = 2EDE085E158F06CD0048EC9E /* TRRoutableHTTPConnection.h */; settings = {ATTRIBUTES = (Public, ); }; };
		2ECAEB2F15918D13004241B5 /* TRTiRESTServer.h in Headers */ = {isa = PBXBuildFile; fileRef = 2ECAEB2915917F51004241B5 /* TRTiRESTServer.h */; settings = {ATTRIBUTES = (Public, ); }; };
		2ECAEB3015918F1C004241B5 /* TRTiRESTServer.m in Sources */ = {isa = PBXBuildFile; fileRef = 2ECAEB2A15917F51004241B5 /* TRTiRESTServer.m */; };
		2ECAEB3315918FDF004241B5 /* TRSimpleGETTestRouter.m in Sources */ = {isa = PBXBuildFile; fileRef = 2ECAEB3215918FDF004241B5 /* TRSimpleGETTestRouter.m */; };
		2ECAEB3415919065004241B5 /* libTiREST.a in Frameworks */ = {isa = PBXBuildFile; fileRef = 2EBA178B15901F1400FD31C3 /* libTiREST.a */; };
		2ECAEB3515919083004241B5 /* CFNetwork.framework in Frameworks */ = {isa = PBXBuildFile; fileRef = 2E2B928C158864FD00C4EC33 /* CFNetwork.framework */; };
		2ECAEB3615919093004241B5 /* Security.framework in Frameworks */ = {isa = PBXBuildFile; fileRef = 2E2B928A158864BB00C4EC33 /* Security.framework */; };
		2ECAEB3915919636004241B5 /* TiRESTGETSimpleTestCase.m in Sources */ = {isa = PBXBuildFile; fileRef = 2ECAEB3815919636004241B5 /* TiRESTGETSimpleTestCase.m */; };
		2ECAEB3C1591A652004241B5 /* TRSimplePOSTTestRouter.m in Sources */ = {isa = PBXBuildFile; fileRef = 2ECAEB3B1591A652004241B5 /* TRSimplePOSTTestRouter.m */; };
		2ECAEB3F1591B6B3004241B5 /* TiRESTPOSTSimpleTestCase.m in Sources */ = {isa = PBXBuildFile; fileRef = 2ECAEB3E1591B6B3004241B5 /* TiRESTPOSTSimpleTestCase.m */; };
		2ECAEB4C1592B98A004241B5 /* TiRESTPUTSimpleTestCase.m in Sources */ = {isa = PBXBuildFile; fileRef = 2ECAEB4A1592B983004241B5 /* TiRESTPUTSimpleTestCase.m */; };
		2ECAEB4F1592BA54004241B5 /* TRSimplePUTTestRouter.m in Sources */ = {isa = PBXBuildFile; fileRef = 2ECAEB4E1592BA54004241B5 /* TRSimplePUTTestRouter.m */; };
		2ECAEB521592ECDC004241B5 /* TRPathPattern.h in Headers */ = {isa = PBXBuildFile; fileRef = 2ECAEB501592ECDB004241B5 /* TRPathPattern.h */; settings = {ATTRIBUTES = (Public, ); }; };
		2ECAEB531592ECDC004241B5 /* TRPathPattern.m in Sources */ = {isa = PBXBuildFile; fileRef = 2ECAEB511592ECDC004241B5 /* TRPathPattern.m */; };
		2ECAEB561592F6D6004241B5 /* TRSimpleGETUsingPatternTestRouter.h in Headers */ = {isa = PBXBuildFile; fileRef = 2ECAEB541592F6D6004241B5 /* TRSimpleGETUsingPatternTestRouter.h */; settings = {ATTRIBUTES = (Public, ); }; };
		2ECAEB571592F6D6004241B5 /* TRSimpleGETUsingPatternTestRouter.m in Sources */ = {isa = PBXBuildFile; fileRef = 2ECAEB551592F6D6004241B5 /* TRSimpleGETUsingPatternTestRouter.m */; };
		2ECAEB5A1592FD45004241B5 /* TiRESTGETUsingPatternTestCase.m in Sources */ = {isa = PBXBuildFile; fileRef = 2ECAEB591592FD45004241B5 /* TiRESTGETUsingPatternTestCase.m */; };
		2ECAEB5F159302E6004241B5 /* TiRESTUnitTestBase.m in Sources */ = {isa = PBXBuildFile; fileRef = 2ECAEB5E159302E6004241B5 /* TiRESTUnitTestBase.m */; };
		2ECAEB621593044F004241B5 /* TRRoutingTable.h in Headers */ = {isa = PBXBuildFile; fileRef = 2ECAEB601593044E004241B5 /* TRRoutingTable.h */; settings = {ATTRIBUTES = (Public, ); }; };
		2ECAEB631593044F004241B5 /* TRRoutingTable.m in Sources */ = {isa = PBXBuildFile; fileRef = 2ECAEB611593044E004241B5 /* TRRoutingTable.m */; };
		2ECAEB661593100E004241B5 /* TRRoutingEntry.h in Headers */ = {isa = PBXBuildFile; fileRef = 2ECAEB641593100C004241B5 /* TRRoutingEntry.h */; settings = {ATTRIBUTES = (Public, ); }; };
		2ECAEB671593100E004241B5 /* TRRoutingEntry.m in Sources */ = {isa = PBXBuildFile; fileRef = 2ECAEB651593100D004241B5 /* TRRoutingEntry.m */; };
		2ECAEB6E1593192F004241B5 /* TiRESTTRRoutingTableTestCase.m in Sources */ = {isa = PBXBuildFile; fileRef = 2ECAEB6D1593192F004241B5 /* TiRESTTRRoutingTableTestCase.m */; };
		2EE13F63159041E700409481 /* libTiREST.a in Frameworks */ = {isa = PBXBuildFile; fileRef = 2EBA178B15901F1400FD31C3 /* libTiREST.a */; };
		2EEC8C84159074C500C23FD0 /* TRApplicationRouter.m in Sources */ = {isa = PBXBuildFile; fileRef = 2EEC8C83159074C500C23FD0 /* TRApplicationRouter.m */; };
		2EEC8C881590798800C23FD0 /* TRHTTPResponse.h in Headers */ = {isa = PBXBuildFile; fileRef = 2EEC8C861590798800C23FD0 /* TRHTTPResponse.h */; settings = {ATTRIBUTES = (Public, ); }; };
		2EEC8C891590798800C23FD0 /* TRHTTPResponse.m in Sources */ = {isa = PBXBuildFile; fileRef = 2EEC8C871590798800C23FD0 /* TRHTTPResponse.m */; };
		2EEC8C8C15907EBA00C23FD0 /* TRCinatraRouter.h in Headers */ = {isa = PBXBuildFile; fileRef = 2EEC8C8A15907EBA00C23FD0 /* TRCinatraRouter.h */; settings = {ATTRIBUTES = (Public, ); }; };
		2EEC8C8D15907EBA00C23FD0 /* TRCinatraRouter.m in Sources */ = {isa = PBXBuildFile; fileRef = 2EEC8C8B15907EBA00C23FD0 /* TRCinatraRouter.m */; };
/* End PBXBuildFile section */

/* Begin PBXContainerItemProxy section */
		2ECAEB2515917CF7004241B5 /* PBXContainerItemProxy */ = {
			isa = PBXContainerItemProxy;
			containerPortal = 2E6D62DC1586DB8700E81A6E /* Project object */;
			proxyType = 1;
			remoteGlobalIDString = 2EBA178A15901F1400FD31C3;
			remoteInfo = TiREST;
		};
		2EE13F60159041A000409481 /* PBXContainerItemProxy */ = {
			isa = PBXContainerItemProxy;
			containerPortal = 2E6D62DC1586DB8700E81A6E /* Project object */;
			proxyType = 1;
			remoteGlobalIDString = 2EBA178A15901F1400FD31C3;
			remoteInfo = TiREST;
		};
/* End PBXContainerItemProxy section */

/* Begin PBXFileReference section */
		2E2B92301588622500C4EC33 /* HTTPAuthenticationRequest.h */ = {isa = PBXFileReference; fileEncoding = 4; lastKnownFileType = sourcecode.c.h; path = HTTPAuthenticationRequest.h; sourceTree = "<group>"; };
		2E2B92311588622500C4EC33 /* HTTPAuthenticationRequest.m */ = {isa = PBXFileReference; fileEncoding = 4; lastKnownFileType = sourcecode.c.objc; path = HTTPAuthenticationRequest.m; sourceTree = "<group>"; };
		2E2B92321588622500C4EC33 /* HTTPConnection.h */ = {isa = PBXFileReference; fileEncoding = 4; lastKnownFileType = sourcecode.c.h; path = HTTPConnection.h; sourceTree = "<group>"; };
		2E2B92331588622500C4EC33 /* HTTPConnection.m */ = {isa = PBXFileReference; fileEncoding = 4; lastKnownFileType = sourcecode.c.objc; path = HTTPConnection.m; sourceTree = "<group>"; };
		2E2B92341588622500C4EC33 /* HTTPLogging.h */ = {isa = PBXFileReference; fileEncoding = 4; lastKnownFileType = sourcecode.c.h; path = HTTPLogging.h; sourceTree = "<group>"; };
		2E2B92351588622500C4EC33 /* HTTPMessage.h */ = {isa = PBXFileReference; fileEncoding = 4; lastKnownFileType = sourcecode.c.h; path = HTTPMessage.h; sourceTree = "<group>"; };
		2E2B92361588622500C4EC33 /* HTTPMessage.m */ = {isa = PBXFileReference; fileEncoding = 4; lastKnownFileType = sourcecode.c.objc; path = HTTPMessage.m; sourceTree = "<group>"; };
		2E2B92371588622500C4EC33 /* HTTPResponse.h */ = {isa = PBXFileReference; fileEncoding = 4; lastKnownFileType = sourcecode.c.h; path = HTTPResponse.h; sourceTree = "<group>"; };
		2E2B92381588622500C4EC33 /* HTTPServer.h */ = {isa = PBXFileReference; fileEncoding = 4; lastKnownFileType = sourcecode.c.h; path = HTTPServer.h; sourceTree = "<group>"; };
		2E2B92391588622500C4EC33 /* HTTPServer.m */ = {isa = PBXFileReference; fileEncoding = 4; lastKnownFileType = sourcecode.c.objc; path = HTTPServer.m; sourceTree = "<group>"; };
		2E2B923A1588622500C4EC33 /* WebSocket.h */ = {isa = PBXFileReference; fileEncoding = 4; lastKnownFileType = sourcecode.c.h; path = WebSocket.h; sourceTree = "<group>"; };
		2E2B923B1588622500C4EC33 /* WebSocket.m */ = {isa = PBXFileReference; fileEncoding = 4; lastKnownFileType = sourcecode.c.objc; path = WebSocket.m; sourceTree = "<group>"; };
		2E2B92411588624500C4EC33 /* DDData.h */ = {isa = PBXFileReference; fileEncoding = 4; lastKnownFileType = sourcecode.c.h; path = DDData.h; sourceTree = "<group>"; };
		2E2B92421588624500C4EC33 /* DDData.m */ = {isa = PBXFileReference; fileEncoding = 4; lastKnownFileType = sourcecode.c.objc; path = DDData.m; sourceTree = "<group>"; };
		2E2B92431588624500C4EC33 /* DDNumber.h */ = {isa = PBXFileReference; fileEncoding = 4; lastKnownFileType = sourcecode.c.h; path = DDNumber.h; sourceTree = "<group>"; };
		2E2B92441588624500C4EC33 /* DDNumber.m */ = {isa = PBXFileReference; fileEncoding = 4; lastKnownFileType = sourcecode.c.objc; path = DDNumber.m; sourceTree = "<group>"; };
		2E2B92451588624500C4EC33 /* DDRange.h */ = {isa = PBXFileReference; fileEncoding = 4; lastKnownFileType = sourcecode.c.h; path = DDRange.h; sourceTree = "<group>"; };
		2E2B92461588624500C4EC33 /* DDRange.m */ = {isa = PBXFileReference; fileEncoding = 4; lastKnownFileType = sourcecode.c.objc; path = DDRange.m; sourceTree = "<group>"; };
		2E2B924A1588626000C4EC33 /* MultipartFormDataParser.h */ = {isa = PBXFileReference; fileEncoding = 4; lastKnownFileType = sourcecode.c.h; path = MultipartFormDataParser.h; sourceTree = "<group>"; };
		2E2B924B1588626000C4EC33 /* MultipartFormDataParser.m */ = {isa = PBXFileReference; fileEncoding = 4; lastKnownFileType = sourcecode.c.objc; path = MultipartFormDataParser.m; sourceTree = "<group>"; };
		2E2B924C1588626000C4EC33 /* MultipartMessageHeader.h */ = {isa = PBXFileReference; fileEncoding = 4; lastKnownFileType = sourcecode.c.h; path = MultipartMessageHeader.h; sourceTree = "<group>"; };
		2E2B924D1588626000C4EC33 /* MultipartMessageHeader.m */ = {isa = PBXFileReference; fileEncoding = 4; lastKnownFileType = sourcecode.c.objc; path = MultipartMessageHeader.m; sourceTree = "<group>"; };
		2E2B924E1588626000C4EC33 /* MultipartMessageHeaderField.h */ = {isa = PBXFileReference; fileEncoding = 4; lastKnownFileType = sourcecode.c.h; path = MultipartMessageHeaderField.h; sourceTree = "<group>"; };
		2E2B924F1588626000C4EC33 /* MultipartMessageHeaderField.m */ = {isa = PBXFileReference; fileEncoding = 4; lastKnownFileType = sourcecode.c.objc; path = MultipartMessageHeaderField.m; sourceTree = "<group>"; };
		2E2B92531588627A00C4EC33 /* HTTPAsyncFileResponse.h */ = {isa = PBXFileReference; fileEncoding = 4; lastKnownFileType = sourcecode.c.h; name = HTTPAsyncFileResponse.h; path = Responses/HTTPAsyncFileResponse.h; sourceTree = "<group>"; };
		2E2B92541588627A00C4EC33 /* HTTPAsyncFileResponse.m */ = {isa = PBXFileReference; fileEncoding = 4; lastKnownFileType = sourcecode.c.objc; name = HTTPAsyncFileResponse.m; path = Responses/HTTPAsyncFileResponse.m; sourceTree = "<group>"; };
		2E2B92551588627A00C4EC33 /* HTTPDataResponse.h */ = {isa = PBXFileReference; fileEncoding = 4; lastKnownFileType = sourcecode.c.h; name = HTTPDataResponse.h; path = Responses/HTTPDataResponse.h; sourceTree = "<group>"; };
		2E2B92561588627A00C4EC33 /* HTTPDataResponse.m */ = {isa = PBXFileReference; fileEncoding = 4; lastKnownFileType = sourcecode.c.objc; name = HTTPDataResponse.m; path = Responses/HTTPDataResponse.m; sourceTree = "<group>"; };
		2E2B92571588627A00C4EC33 /* HTTPDynamicFileResponse.h */ = {isa = PBXFileReference; fileEncoding = 4; lastKnownFileType = sourcecode.c.h; name = HTTPDynamicFileResponse.h; path = Responses/HTTPDynamicFileResponse.h; sourceTree = "<group>"; };
		2E2B92581588627A00C4EC33 /* HTTPDynamicFileResponse.m */ = {isa = PBXFileReference; fileEncoding = 4; lastKnownFileType = sourcecode.c.objc; name = HTTPDynamicFileResponse.m; path = Responses/HTTPDynamicFileResponse.m; sourceTree = "<group>"; };
		2E2B92591588627A00C4EC33 /* HTTPFileResponse.h */ = {isa = PBXFileReference; fileEncoding = 4; lastKnownFileType = sourcecode.c.h; name = HTTPFileResponse.h; path = Responses/HTTPFileResponse.h; sourceTree = "<group>"; };
		2E2B925A1588627A00C4EC33 /* HTTPFileResponse.m */ = {isa = PBXFileReference; fileEncoding = 4; lastKnownFileType = sourcecode.c.objc; name = HTTPFileResponse.m; path = Responses/HTTPFileResponse.m; sourceTree = "<group>"; };
		2E2B925B1588627A00C4EC33 /* HTTPRedirectResponse.h */ = {isa = PBXFileReference; fileEncoding = 4; lastKnownFileType = sourcecode.c.h; name = HTTPRedirectResponse.h; path = Responses/HTTPRedirectResponse.h; sourceTree = "<group>"; };
		2E2B925C1588627A00C4EC33 /* HTTPRedirectResponse.m */ = {isa = PBXFileReference; fileEncoding = 4; lastKnownFileType = sourcecode.c.objc; name = HTTPRedirectResponse.m; path = Responses/HTTPRedirectResponse.m; sourceTree = "<group>"; };
		2E2B926F1588635D00C4EC33 /* DDAbstractDatabaseLogger.h */ = {isa = PBXFileReference; fileEncoding = 4; lastKnownFileType = sourcecode.c.h; path = DDAbstractDatabaseLogger.h; sourceTree = "<group>"; };
		2E2B92701588635D00C4EC33 /* DDAbstractDatabaseLogger.m */ = {isa = PBXFileReference; fileEncoding = 4; lastKnownFileType = sourcecode.c.objc; path = DDAbstractDatabaseLogger.m; sourceTree = "<group>"; };
		2E2B92711588635D00C4EC33 /* DDASLLogger.h */ = {isa = PBXFileReference; fileEncoding = 4; lastKnownFileType = sourcecode.c.h; path = DDASLLogger.h; sourceTree = "<group>"; };
		2E2B92721588635D00C4EC33 /* DDASLLogger.m */ = {isa = PBXFileReference; fileEncoding = 4; lastKnownFileType = sourcecode.c.objc; path = DDASLLogger.m; sourceTree = "<group>"; };
		2E2B92731588635D00C4EC33 /* DDFileLogger.h */ = {isa = PBXFileReference; fileEncoding = 4; lastKnownFileType = sourcecode.c.h; path = DDFileLogger.h; sourceTree = "<group>"; };
		2E2B92741588635D00C4EC33 /* DDFileLogger.m */ = {isa = PBXFileReference; fileEncoding = 4; lastKnownFileType = sourcecode.c.objc; path = DDFileLogger.m; sourceTree = "<group>"; };
		2E2B92751588635D00C4EC33 /* DDLog.h */ = {isa = PBXFileReference; fileEncoding = 4; lastKnownFileType = sourcecode.c.h; path = DDLog.h; sourceTree = "<group>"; };
		2E2B92761588635D00C4EC33 /* DDLog.m */ = {isa = PBXFileReference; fileEncoding = 4; lastKnownFileType = sourcecode.c.objc; path = DDLog.m; sourceTree = "<group>"; };
		2E2B92771588635D00C4EC33 /* DDTTYLogger.h */ = {isa = PBXFileReference; fileEncoding = 4; lastKnownFileType = sourcecode.c.h; path = DDTTYLogger.h; sourceTree = "<group>"; };
		2E2B92781588635D00C4EC33 /* DDTTYLogger.m */ = {isa = PBXFileReference; fileEncoding = 4; lastKnownFileType = sourcecode.c.objc; path = DDTTYLogger.m; sourceTree = "<group>"; };
		2E2B927F1588639C00C4EC33 /* ContextFilterLogFormatter.h */ = {isa = PBXFileReference; fileEncoding = 4; lastKnownFileType = sourcecode.c.h; path = ContextFilterLogFormatter.h; sourceTree = "<group>"; };
		2E2B92801588639C00C4EC33 /* ContextFilterLogFormatter.m */ = {isa = PBXFileReference; fileEncoding = 4; lastKnownFileType = sourcecode.c.objc; path = ContextFilterLogFormatter.m; sourceTree = "<group>"; };
		2E2B92811588639C00C4EC33 /* DispatchQueueLogFormatter.h */ = {isa = PBXFileReference; fileEncoding = 4; lastKnownFileType = sourcecode.c.h; path = DispatchQueueLogFormatter.h; sourceTree = "<group>"; };
		2E2B92821588639C00C4EC33 /* DispatchQueueLogFormatter.m */ = {isa = PBXFileReference; fileEncoding = 4; lastKnownFileType = sourcecode.c.objc; path = DispatchQueueLogFormatter.m; sourceTree = "<group>"; };
		2E2B9287158863C200C4EC33 /* GCDAsyncSocket.h */ = {isa = PBXFileReference; fileEncoding = 4; lastKnownFileType = sourcecode.c.h; path = GCDAsyncSocket.h; sourceTree = "<group>"; };
		2E2B9288158863C200C4EC33 /* GCDAsyncSocket.m */ = {isa = PBXFileReference; fileEncoding = 4; lastKnownFileType = sourcecode.c.objc; path = GCDAsyncSocket.m; sourceTree = "<group>"; };
		2E2B928A158864BB00C4EC33 /* Security.framework */ = {isa = PBXFileReference; lastKnownFileType = wrapper.framework; name = Security.framework; path = System/Library/Frameworks/Security.framework; sourceTree = SDKROOT; };
		2E2B928C158864FD00C4EC33 /* CFNetwork.framework */ = {isa = PBXFileReference; lastKnownFileType = wrapper.framework; name = CFNetwork.framework; path = System/Library/Frameworks/CFNetwork.framework; sourceTree = SDKROOT; };
		2E6D62E51586DB8700E81A6E /* TiREST.app */ = {isa = PBXFileReference; explicitFileType = wrapper.application; includeInIndex = 0; path = TiREST.app; sourceTree = BUILT_PRODUCTS_DIR; };
		2E6D62E91586DB8700E81A6E /* UIKit.framework */ = {isa = PBXFileReference; lastKnownFileType = wrapper.framework; name = UIKit.framework; path = System/Library/Frameworks/UIKit.framework; sourceTree = SDKROOT; };
		2E6D62EB1586DB8700E81A6E /* Foundation.framework */ = {isa = PBXFileReference; lastKnownFileType = wrapper.framework; name = Foundation.framework; path = System/Library/Frameworks/Foundation.framework; sourceTree = SDKROOT; };
		2E6D62ED1586DB8700E81A6E /* CoreGraphics.framework */ = {isa = PBXFileReference; lastKnownFileType = wrapper.framework; name = CoreGraphics.framework; path = System/Library/Frameworks/CoreGraphics.framework; sourceTree = SDKROOT; };
		2E6D62F11586DB8700E81A6E /* TiREST-Info.plist */ = {isa = PBXFileReference; lastKnownFileType = text.plist.xml; path = "TiREST-Info.plist"; sourceTree = "<group>"; };
		2E6D62F31586DB8700E81A6E /* en */ = {isa = PBXFileReference; lastKnownFileType = text.plist.strings; name = en; path = en.lproj/InfoPlist.strings; sourceTree = "<group>"; };
		2E6D62F51586DB8800E81A6E /* main.m */ = {isa = PBXFileReference; lastKnownFileType = sourcecode.c.objc; path = main.m; sourceTree = "<group>"; };
		2E6D62F71586DB8800E81A6E /* TiREST-Prefix.pch */ = {isa = PBXFileReference; lastKnownFileType = sourcecode.c.h; path = "TiREST-Prefix.pch"; sourceTree = "<group>"; };
		2E6D62F81586DB8800E81A6E /* TRAppDelegate.h */ = {isa = PBXFileReference; lastKnownFileType = sourcecode.c.h; path = TRAppDelegate.h; sourceTree = "<group>"; };
		2E6D62F91586DB8800E81A6E /* TRAppDelegate.m */ = {isa = PBXFileReference; lastKnownFileType = sourcecode.c.objc; path = TRAppDelegate.m; sourceTree = "<group>"; };
		2E6D62FB1586DB8800E81A6E /* TRViewController.h */ = {isa = PBXFileReference; lastKnownFileType = sourcecode.c.h; path = TRViewController.h; sourceTree = "<group>"; };
		2E6D62FC1586DB8800E81A6E /* TRViewController.m */ = {isa = PBXFileReference; lastKnownFileType = sourcecode.c.objc; path = TRViewController.m; sourceTree = "<group>"; };
		2E6D62FF1586DB8800E81A6E /* en */ = {isa = PBXFileReference; lastKnownFileType = file.xib; name = en; path = en.lproj/TRViewController.xib; sourceTree = "<group>"; };
		2E6D63071586DB8800E81A6E /* SenTestingKit.framework */ = {isa = PBXFileReference; lastKnownFileType = wrapper.framework; name = SenTestingKit.framework; path = Library/Frameworks/SenTestingKit.framework; sourceTree = DEVELOPER_DIR; };
		2EBA178B15901F1400FD31C3 /* libTiREST.a */ = {isa = PBXFileReference; explicitFileType = archive.ar; includeInIndex = 0; path = libTiREST.a; sourceTree = BUILT_PRODUCTS_DIR; };
		2EBB079C158F3207004F2E9B /* TRBlocksAction.h */ = {isa = PBXFileReference; fileEncoding = 4; lastKnownFileType = sourcecode.c.h; path = TRBlocksAction.h; sourceTree = "<group>"; };
		2EBB079D158F3207004F2E9B /* TRBlocksAction.m */ = {isa = PBXFileReference; fileEncoding = 4; lastKnownFileType = sourcecode.c.objc; path = TRBlocksAction.m; sourceTree = "<group>"; };
		2ECAEB1415917AEE004241B5 /* TiRESTFunctionalTests.octest */ = {isa = PBXFileReference; explicitFileType = wrapper.cfbundle; includeInIndex = 0; name = TiRESTFunctionalTests.octest; path = TiRESTTest.octest; sourceTree = BUILT_PRODUCTS_DIR; };
		2ECAEB1A15917AEE004241B5 /* TiRESTFunctionalTests-Info.plist */ = {isa = PBXFileReference; lastKnownFileType = text.plist.xml; path = "TiRESTFunctionalTests-Info.plist"; sourceTree = "<group>"; };
		2ECAEB1E15917AEE004241B5 /* TiRESTFunctionalTestBase.h */ = {isa = PBXFileReference; lastKnownFileType = sourcecode.c.h; path = TiRESTFunctionalTestBase.h; sourceTree = "<group>"; };
		2ECAEB1F15917AEE004241B5 /* TiRESTFunctionalTestBase.m */ = {isa = PBXFileReference; lastKnownFileType = sourcecode.c.objc; path = TiRESTFunctionalTestBase.m; sourceTree = "<group>"; };
		2ECAEB2115917AEE004241B5 /* TiRESTFunctionalTests-Prefix.pch */ = {isa = PBXFileReference; lastKnownFileType = sourcecode.c.h; path = "TiRESTFunctionalTests-Prefix.pch"; sourceTree = "<group>"; };
		2ECAEB2715917D56004241B5 /* TiREST.h */ = {isa = PBXFileReference; lastKnownFileType = sourcecode.c.h; path = TiREST.h; sourceTree = "<group>"; };
		2ECAEB2915917F51004241B5 /* TRTiRESTServer.h */ = {isa = PBXFileReference; fileEncoding = 4; lastKnownFileType = sourcecode.c.h; path = TRTiRESTServer.h; sourceTree = "<group>"; };
		2ECAEB2A15917F51004241B5 /* TRTiRESTServer.m */ = {isa = PBXFileReference; fileEncoding = 4; lastKnownFileType = sourcecode.c.objc; path = TRTiRESTServer.m; sourceTree = "<group>"; };
		2ECAEB3115918FDF004241B5 /* TRSimpleGETTestRouter.h */ = {isa = PBXFileReference; fileEncoding = 4; lastKnownFileType = sourcecode.c.h; path = TRSimpleGETTestRouter.h; sourceTree = "<group>"; };
		2ECAEB3215918FDF004241B5 /* TRSimpleGETTestRouter.m */ = {isa = PBXFileReference; fileEncoding = 4; lastKnownFileType = sourcecode.c.objc; path = TRSimpleGETTestRouter.m; sourceTree = "<group>"; };
		2ECAEB3715919636004241B5 /* TiRESTGETSimpleTestCase.h */ = {isa = PBXFileReference; fileEncoding = 4; lastKnownFileType = sourcecode.c.h; path = TiRESTGETSimpleTestCase.h; sourceTree = "<group>"; };
		2ECAEB3815919636004241B5 /* TiRESTGETSimpleTestCase.m */ = {isa = PBXFileReference; fileEncoding = 4; lastKnownFileType = sourcecode.c.objc; path = TiRESTGETSimpleTestCase.m; sourceTree = "<group>"; };
		2ECAEB3A1591A652004241B5 /* TRSimplePOSTTestRouter.h */ = {isa = PBXFileReference; fileEncoding = 4; lastKnownFileType = sourcecode.c.h; path = TRSimplePOSTTestRouter.h; sourceTree = "<group>"; };
		2ECAEB3B1591A652004241B5 /* TRSimplePOSTTestRouter.m */ = {isa = PBXFileReference; fileEncoding = 4; lastKnownFileType = sourcecode.c.objc; path = TRSimplePOSTTestRouter.m; sourceTree = "<group>"; };
		2ECAEB3D1591B6B3004241B5 /* TiRESTPOSTSimpleTestCase.h */ = {isa = PBXFileReference; fileEncoding = 4; lastKnownFileType = sourcecode.c.h; path = TiRESTPOSTSimpleTestCase.h; sourceTree = "<group>"; };
		2ECAEB3E1591B6B3004241B5 /* TiRESTPOSTSimpleTestCase.m */ = {isa = PBXFileReference; fileEncoding = 4; lastKnownFileType = sourcecode.c.objc; path = TiRESTPOSTSimpleTestCase.m; sourceTree = "<group>"; };
		2ECAEB491592B983004241B5 /* TiRESTPUTSimpleTestCase.h */ = {isa = PBXFileReference; fileEncoding = 4; lastKnownFileType = sourcecode.c.h; path = TiRESTPUTSimpleTestCase.h; sourceTree = "<group>"; };
		2ECAEB4A1592B983004241B5 /* TiRESTPUTSimpleTestCase.m */ = {isa = PBXFileReference; fileEncoding = 4; lastKnownFileType = sourcecode.c.objc; path = TiRESTPUTSimpleTestCase.m; sourceTree = "<group>"; };
		2ECAEB4D1592BA54004241B5 /* TRSimplePUTTestRouter.h */ = {isa = PBXFileReference; fileEncoding = 4; lastKnownFileType = sourcecode.c.h; path = TRSimplePUTTestRouter.h; sourceTree = "<group>"; };
		2ECAEB4E1592BA54004241B5 /* TRSimplePUTTestRouter.m */ = {isa = PBXFileReference; fileEncoding = 4; lastKnownFileType = sourcecode.c.objc; path = TRSimplePUTTestRouter.m; sourceTree = "<group>"; };
		2ECAEB501592ECDB004241B5 /* TRPathPattern.h */ = {isa = PBXFileReference; fileEncoding = 4; lastKnownFileType = sourcecode.c.h; path = TRPathPattern.h; sourceTree = "<group>"; };
		2ECAEB511592ECDC004241B5 /* TRPathPattern.m */ = {isa = PBXFileReference; fileEncoding = 4; lastKnownFileType = sourcecode.c.objc; path = TRPathPattern.m; sourceTree = "<group>"; };
		2ECAEB541592F6D6004241B5 /* TRSimpleGETUsingPatternTestRouter.h */ = {isa = PBXFileReference; fileEncoding = 4; lastKnownFileType = sourcecode.c.h; path = TRSimpleGETUsingPatternTestRouter.h; sourceTree = "<group>"; };
		2ECAEB551592F6D6004241B5 /* TRSimpleGETUsingPatternTestRouter.m */ = {isa = PBXFileReference; fileEncoding = 4; lastKnownFileType = sourcecode.c.objc; path = TRSimpleGETUsingPatternTestRouter.m; sourceTree = "<group>"; };
		2ECAEB581592FD44004241B5 /* TiRESTGETUsingPatternTestCase.h */ = {isa = PBXFileReference; fileEncoding = 4; lastKnownFileType = sourcecode.c.h; path = TiRESTGETUsingPatternTestCase.h; sourceTree = "<group>"; };
		2ECAEB591592FD45004241B5 /* TiRESTGETUsingPatternTestCase.m */ = {isa = PBXFileReference; fileEncoding = 4; lastKnownFileType = sourcecode.c.objc; path = TiRESTGETUsingPatternTestCase.m; sourceTree = "<group>"; };
		2ECAEB5D159302E6004241B5 /* TiRESTUnitTestBase.h */ = {isa = PBXFileReference; fileEncoding = 4; lastKnownFileType = sourcecode.c.h; path = TiRESTUnitTestBase.h; sourceTree = "<group>"; };
		2ECAEB5E159302E6004241B5 /* TiRESTUnitTestBase.m */ = {isa = PBXFileReference; fileEncoding = 4; lastKnownFileType = sourcecode.c.objc; path = TiRESTUnitTestBase.m; sourceTree = "<group>"; };
		2ECAEB601593044E004241B5 /* TRRoutingTable.h */ = {isa = PBXFileReference; fileEncoding = 4; lastKnownFileType = sourcecode.c.h; path = TRRoutingTable.h; sourceTree = "<group>"; };
		2ECAEB611593044E004241B5 /* TRRoutingTable.m */ = {isa = PBXFileReference; fileEncoding = 4; lastKnownFileType = sourcecode.c.objc; path = TRRoutingTable.m; sourceTree = "<group>"; };
		2ECAEB641593100C004241B5 /* TRRoutingEntry.h */ = {isa = PBXFileReference; fileEncoding = 4; lastKnownFileType = sourcecode.c.h; path = TRRoutingEntry.h; sourceTree = "<group>"; };
		2ECAEB651593100D004241B5 /* TRRoutingEntry.m */ = {isa = PBXFileReference; fileEncoding = 4; lastKnownFileType = sourcecode.c.objc; path = TRRoutingEntry.m; sourceTree = "<group>"; };
		2ECAEB6C1593192F004241B5 /* TiRESTTRRoutingTableTestCase.h */ = {isa = PBXFileReference; fileEncoding = 4; lastKnownFileType = sourcecode.c.h; path = TiRESTTRRoutingTableTestCase.h; sourceTree = "<group>"; };
		2ECAEB6D1593192F004241B5 /* TiRESTTRRoutingTableTestCase.m */ = {isa = PBXFileReference; fileEncoding = 4; lastKnownFileType = sourcecode.c.objc; path = TiRESTTRRoutingTableTestCase.m; sourceTree = "<group>"; };
		2EDE0858158F03420048EC9E /* TRRequestRouter.h */ = {isa = PBXFileReference; fileEncoding = 4; lastKnownFileType = sourcecode.c.h; path = TRRequestRouter.h; sourceTree = "<group>"; };
		2EDE0859158F03420048EC9E /* TRRequestRouter.m */ = {isa = PBXFileReference; fileEncoding = 4; lastKnownFileType = sourcecode.c.objc; path = TRRequestRouter.m; sourceTree = "<group>"; };
		2EDE085B158F04490048EC9E /* TRAction.h */ = {isa = PBXFileReference; fileEncoding = 4; lastKnownFileType = sourcecode.c.h; path = TRAction.h; sourceTree = "<group>"; };
		2EDE085C158F04490048EC9E /* TRAction.m */ = {isa = PBXFileReference; fileEncoding = 4; lastKnownFileType = sourcecode.c.objc; path = TRAction.m; sourceTree = "<group>"; };
		2EDE085E158F06CD0048EC9E /* TRRoutableHTTPConnection.h */ = {isa = PBXFileReference; fileEncoding = 4; lastKnownFileType = sourcecode.c.h; path = TRRoutableHTTPConnection.h; sourceTree = "<group>"; };
		2EDE085F158F06CD0048EC9E /* TRRoutableHTTPConnection.m */ = {isa = PBXFileReference; fileEncoding = 4; lastKnownFileType = sourcecode.c.objc; path = TRRoutableHTTPConnection.m; sourceTree = "<group>"; };
		2EEC8C82159074C500C23FD0 /* TRApplicationRouter.h */ = {isa = PBXFileReference; fileEncoding = 4; lastKnownFileType = sourcecode.c.h; path = TRApplicationRouter.h; sourceTree = "<group>"; };
		2EEC8C83159074C500C23FD0 /* TRApplicationRouter.m */ = {isa = PBXFileReference; fileEncoding = 4; lastKnownFileType = sourcecode.c.objc; path = TRApplicationRouter.m; sourceTree = "<group>"; };
		2EEC8C861590798800C23FD0 /* TRHTTPResponse.h */ = {isa = PBXFileReference; fileEncoding = 4; lastKnownFileType = sourcecode.c.h; path = TRHTTPResponse.h; sourceTree = "<group>"; };
		2EEC8C871590798800C23FD0 /* TRHTTPResponse.m */ = {isa = PBXFileReference; fileEncoding = 4; lastKnownFileType = sourcecode.c.objc; path = TRHTTPResponse.m; sourceTree = "<group>"; };
		2EEC8C8A15907EBA00C23FD0 /* TRCinatraRouter.h */ = {isa = PBXFileReference; fileEncoding = 4; lastKnownFileType = sourcecode.c.h; path = TRCinatraRouter.h; sourceTree = "<group>"; };
		2EEC8C8B15907EBA00C23FD0 /* TRCinatraRouter.m */ = {isa = PBXFileReference; fileEncoding = 4; lastKnownFileType = sourcecode.c.objc; path = TRCinatraRouter.m; sourceTree = "<group>"; };
/* End PBXFileReference section */

/* Begin PBXFrameworksBuildPhase section */
		2E6D62E21586DB8700E81A6E /* Frameworks */ = {
			isa = PBXFrameworksBuildPhase;
			buildActionMask = 2147483647;
			files = (
				2EE13F63159041E700409481 /* libTiREST.a in Frameworks */,
				2E2B928E158865BA00C4EC33 /* CFNetwork.framework in Frameworks */,
				2E2B928B158864BB00C4EC33 /* Security.framework in Frameworks */,
				2E6D62EA1586DB8700E81A6E /* UIKit.framework in Frameworks */,
				2E6D62EC1586DB8700E81A6E /* Foundation.framework in Frameworks */,
				2E6D62EE1586DB8700E81A6E /* CoreGraphics.framework in Frameworks */,
			);
			runOnlyForDeploymentPostprocessing = 0;
		};
		2EBA178815901F1400FD31C3 /* Frameworks */ = {
			isa = PBXFrameworksBuildPhase;
			buildActionMask = 2147483647;
			files = (
				2EBA178C15901F1400FD31C3 /* Foundation.framework in Frameworks */,
			);
			runOnlyForDeploymentPostprocessing = 0;
		};
		2ECAEB1015917AEE004241B5 /* Frameworks */ = {
			isa = PBXFrameworksBuildPhase;
			buildActionMask = 2147483647;
			files = (
				2ECAEB3415919065004241B5 /* libTiREST.a in Frameworks */,
				2ECAEB1515917AEE004241B5 /* SenTestingKit.framework in Frameworks */,
				2ECAEB1615917AEE004241B5 /* UIKit.framework in Frameworks */,
				2ECAEB1715917AEE004241B5 /* Foundation.framework in Frameworks */,
				2ECAEB3515919083004241B5 /* CFNetwork.framework in Frameworks */,
				2ECAEB3615919093004241B5 /* Security.framework in Frameworks */,
			);
			runOnlyForDeploymentPostprocessing = 0;
		};
/* End PBXFrameworksBuildPhase section */

/* Begin PBXGroup section */
		2E2B92271588610500C4EC33 /* Core */ = {
			isa = PBXGroup;
			children = (
				2E2B92301588622500C4EC33 /* HTTPAuthenticationRequest.h */,
				2E2B92311588622500C4EC33 /* HTTPAuthenticationRequest.m */,
				2E2B92321588622500C4EC33 /* HTTPConnection.h */,
				2E2B92331588622500C4EC33 /* HTTPConnection.m */,
				2E2B92341588622500C4EC33 /* HTTPLogging.h */,
				2E2B92351588622500C4EC33 /* HTTPMessage.h */,
				2E2B92361588622500C4EC33 /* HTTPMessage.m */,
				2E2B92371588622500C4EC33 /* HTTPResponse.h */,
				2E2B92381588622500C4EC33 /* HTTPServer.h */,
				2E2B92391588622500C4EC33 /* HTTPServer.m */,
				2E2B923A1588622500C4EC33 /* WebSocket.h */,
				2E2B923B1588622500C4EC33 /* WebSocket.m */,
				2E2B922F158861D200C4EC33 /* Responses */,
				2E2B922E158861C000C4EC33 /* Mime */,
				2E2B922D158861AC00C4EC33 /* Categories */,
			);
			path = Core;
			sourceTree = "<group>";
		};
		2E2B92291588610B00C4EC33 /* Extensions */ = {
			isa = PBXGroup;
			children = (
			);
			path = Extensions;
			sourceTree = "<group>";
		};
		2E2B922A1588612C00C4EC33 /* Vendor */ = {
			isa = PBXGroup;
			children = (
				2E2B922C1588616A00C4EC33 /* CocoaLumberjack */,
				2E2B922B1588614E00C4EC33 /* CocoaAsyncSocket */,
			);
			path = Vendor;
			sourceTree = "<group>";
		};
		2E2B922B1588614E00C4EC33 /* CocoaAsyncSocket */ = {
			isa = PBXGroup;
			children = (
				2E2B9287158863C200C4EC33 /* GCDAsyncSocket.h */,
				2E2B9288158863C200C4EC33 /* GCDAsyncSocket.m */,
			);
			path = CocoaAsyncSocket;
			sourceTree = "<group>";
		};
		2E2B922C1588616A00C4EC33 /* CocoaLumberjack */ = {
			isa = PBXGroup;
			children = (
				2E2B927E1588637900C4EC33 /* Extensions */,
				2E2B926F1588635D00C4EC33 /* DDAbstractDatabaseLogger.h */,
				2E2B92701588635D00C4EC33 /* DDAbstractDatabaseLogger.m */,
				2E2B92711588635D00C4EC33 /* DDASLLogger.h */,
				2E2B92721588635D00C4EC33 /* DDASLLogger.m */,
				2E2B92731588635D00C4EC33 /* DDFileLogger.h */,
				2E2B92741588635D00C4EC33 /* DDFileLogger.m */,
				2E2B92751588635D00C4EC33 /* DDLog.h */,
				2E2B92761588635D00C4EC33 /* DDLog.m */,
				2E2B92771588635D00C4EC33 /* DDTTYLogger.h */,
				2E2B92781588635D00C4EC33 /* DDTTYLogger.m */,
			);
			path = CocoaLumberjack;
			sourceTree = "<group>";
		};
		2E2B922D158861AC00C4EC33 /* Categories */ = {
			isa = PBXGroup;
			children = (
				2E2B92411588624500C4EC33 /* DDData.h */,
				2E2B92421588624500C4EC33 /* DDData.m */,
				2E2B92431588624500C4EC33 /* DDNumber.h */,
				2E2B92441588624500C4EC33 /* DDNumber.m */,
				2E2B92451588624500C4EC33 /* DDRange.h */,
				2E2B92461588624500C4EC33 /* DDRange.m */,
			);
			path = Categories;
			sourceTree = "<group>";
		};
		2E2B922E158861C000C4EC33 /* Mime */ = {
			isa = PBXGroup;
			children = (
				2E2B924A1588626000C4EC33 /* MultipartFormDataParser.h */,
				2E2B924B1588626000C4EC33 /* MultipartFormDataParser.m */,
				2E2B924C1588626000C4EC33 /* MultipartMessageHeader.h */,
				2E2B924D1588626000C4EC33 /* MultipartMessageHeader.m */,
				2E2B924E1588626000C4EC33 /* MultipartMessageHeaderField.h */,
				2E2B924F1588626000C4EC33 /* MultipartMessageHeaderField.m */,
			);
			path = Mime;
			sourceTree = "<group>";
		};
		2E2B922F158861D200C4EC33 /* Responses */ = {
			isa = PBXGroup;
			children = (
				2E2B92531588627A00C4EC33 /* HTTPAsyncFileResponse.h */,
				2E2B92541588627A00C4EC33 /* HTTPAsyncFileResponse.m */,
				2E2B92551588627A00C4EC33 /* HTTPDataResponse.h */,
				2E2B92561588627A00C4EC33 /* HTTPDataResponse.m */,
				2E2B92571588627A00C4EC33 /* HTTPDynamicFileResponse.h */,
				2E2B92581588627A00C4EC33 /* HTTPDynamicFileResponse.m */,
				2E2B92591588627A00C4EC33 /* HTTPFileResponse.h */,
				2E2B925A1588627A00C4EC33 /* HTTPFileResponse.m */,
				2E2B925B1588627A00C4EC33 /* HTTPRedirectResponse.h */,
				2E2B925C1588627A00C4EC33 /* HTTPRedirectResponse.m */,
			);
			name = Responses;
			sourceTree = "<group>";
		};
		2E2B927E1588637900C4EC33 /* Extensions */ = {
			isa = PBXGroup;
			children = (
				2E2B927F1588639C00C4EC33 /* ContextFilterLogFormatter.h */,
				2E2B92801588639C00C4EC33 /* ContextFilterLogFormatter.m */,
				2E2B92811588639C00C4EC33 /* DispatchQueueLogFormatter.h */,
				2E2B92821588639C00C4EC33 /* DispatchQueueLogFormatter.m */,
			);
			path = Extensions;
			sourceTree = "<group>";
		};
		2E4FE5CD15883B210012C41C /* Vendor */ = {
			isa = PBXGroup;
			children = (
				2E7BC2BF158858B60063D02B /* CocoaHTTPServer */,
			);
			name = Vendor;
			sourceTree = "<group>";
		};
		2E6D62DA1586DB8700E81A6E = {
			isa = PBXGroup;
			children = (
				2E4FE5CD15883B210012C41C /* Vendor */,
				2E6D62EF1586DB8700E81A6E /* Classes */,
				2E6D630D1586DB8800E81A6E /* Tests */,
				2E6D62E81586DB8700E81A6E /* Frameworks */,
				2E6D62E61586DB8700E81A6E /* Products */,
			);
			sourceTree = "<group>";
		};
		2E6D62E61586DB8700E81A6E /* Products */ = {
			isa = PBXGroup;
			children = (
				2E6D62E51586DB8700E81A6E /* TiREST.app */,
				2EBA178B15901F1400FD31C3 /* libTiREST.a */,
				2ECAEB1415917AEE004241B5 /* TiRESTFunctionalTests.octest */,
			);
			name = Products;
			sourceTree = "<group>";
		};
		2E6D62E81586DB8700E81A6E /* Frameworks */ = {
			isa = PBXGroup;
			children = (
				2E2B928C158864FD00C4EC33 /* CFNetwork.framework */,
				2E2B928A158864BB00C4EC33 /* Security.framework */,
				2E6D62E91586DB8700E81A6E /* UIKit.framework */,
				2E6D62EB1586DB8700E81A6E /* Foundation.framework */,
				2E6D62ED1586DB8700E81A6E /* CoreGraphics.framework */,
				2E6D63071586DB8800E81A6E /* SenTestingKit.framework */,
			);
			name = Frameworks;
			sourceTree = "<group>";
		};
		2E6D62EF1586DB8700E81A6E /* Classes */ = {
			isa = PBXGroup;
			children = (
				2EDE0856158F02E80048EC9E /* Routing */,
				2E6D62F81586DB8800E81A6E /* TRAppDelegate.h */,
				2E6D62F91586DB8800E81A6E /* TRAppDelegate.m */,
				2E6D62FB1586DB8800E81A6E /* TRViewController.h */,
				2E6D62FC1586DB8800E81A6E /* TRViewController.m */,
				2EEC8C82159074C500C23FD0 /* TRApplicationRouter.h */,
				2EEC8C83159074C500C23FD0 /* TRApplicationRouter.m */,
				2E6D62FE1586DB8800E81A6E /* TRViewController.xib */,
				2E6D62F01586DB8700E81A6E /* Supporting Files */,
			);
			path = Classes;
			sourceTree = "<group>";
		};
		2E6D62F01586DB8700E81A6E /* Supporting Files */ = {
			isa = PBXGroup;
			children = (
				2E6D62F11586DB8700E81A6E /* TiREST-Info.plist */,
				2E6D62F21586DB8700E81A6E /* InfoPlist.strings */,
				2E6D62F51586DB8800E81A6E /* main.m */,
				2E6D62F71586DB8800E81A6E /* TiREST-Prefix.pch */,
			);
			name = "Supporting Files";
			sourceTree = "<group>";
		};
		2E6D630D1586DB8800E81A6E /* Tests */ = {
			isa = PBXGroup;
			children = (
				2ECAEB5C1593029F004241B5 /* Unit */,
				2ECAEB5B1593018B004241B5 /* Functional */,
				2ECAEB1915917AEE004241B5 /* Supporting Files */,
			);
			path = Tests;
			sourceTree = "<group>";
		};
		2E7BC2BF158858B60063D02B /* CocoaHTTPServer */ = {
			isa = PBXGroup;
			children = (
				2E2B922A1588612C00C4EC33 /* Vendor */,
				2E2B92291588610B00C4EC33 /* Extensions */,
				2E2B92271588610500C4EC33 /* Core */,
			);
			name = CocoaHTTPServer;
			path = Vendor/CocoaHTTPServer;
			sourceTree = "<group>";
		};
		2ECAEB1915917AEE004241B5 /* Supporting Files */ = {
			isa = PBXGroup;
			children = (
				2ECAEB1A15917AEE004241B5 /* TiRESTFunctionalTests-Info.plist */,
				2ECAEB2115917AEE004241B5 /* TiRESTFunctionalTests-Prefix.pch */,
			);
			path = "Supporting Files";
			sourceTree = "<group>";
		};
		2ECAEB5B1593018B004241B5 /* Functional */ = {
			isa = PBXGroup;
			children = (
				2ECAEB1E15917AEE004241B5 /* TiRESTFunctionalTestBase.h */,
				2ECAEB3115918FDF004241B5 /* TRSimpleGETTestRouter.h */,
				2ECAEB3215918FDF004241B5 /* TRSimpleGETTestRouter.m */,
				2ECAEB3A1591A652004241B5 /* TRSimplePOSTTestRouter.h */,
				2ECAEB3B1591A652004241B5 /* TRSimplePOSTTestRouter.m */,
				2ECAEB4D1592BA54004241B5 /* TRSimplePUTTestRouter.h */,
				2ECAEB4E1592BA54004241B5 /* TRSimplePUTTestRouter.m */,
				2ECAEB541592F6D6004241B5 /* TRSimpleGETUsingPatternTestRouter.h */,
				2ECAEB551592F6D6004241B5 /* TRSimpleGETUsingPatternTestRouter.m */,
				2ECAEB1F15917AEE004241B5 /* TiRESTFunctionalTestBase.m */,
				2ECAEB3715919636004241B5 /* TiRESTGETSimpleTestCase.h */,
				2ECAEB3815919636004241B5 /* TiRESTGETSimpleTestCase.m */,
				2ECAEB3D1591B6B3004241B5 /* TiRESTPOSTSimpleTestCase.h */,
				2ECAEB3E1591B6B3004241B5 /* TiRESTPOSTSimpleTestCase.m */,
				2ECAEB491592B983004241B5 /* TiRESTPUTSimpleTestCase.h */,
				2ECAEB4A1592B983004241B5 /* TiRESTPUTSimpleTestCase.m */,
				2ECAEB581592FD44004241B5 /* TiRESTGETUsingPatternTestCase.h */,
				2ECAEB591592FD45004241B5 /* TiRESTGETUsingPatternTestCase.m */,
			);
			path = Functional;
			sourceTree = "<group>";
		};
		2ECAEB5C1593029F004241B5 /* Unit */ = {
			isa = PBXGroup;
			children = (
				2ECAEB5D159302E6004241B5 /* TiRESTUnitTestBase.h */,
				2ECAEB5E159302E6004241B5 /* TiRESTUnitTestBase.m */,
				2ECAEB6C1593192F004241B5 /* TiRESTTRRoutingTableTestCase.h */,
				2ECAEB6D1593192F004241B5 /* TiRESTTRRoutingTableTestCase.m */,
			);
			path = Unit;
			sourceTree = "<group>";
		};
		2EDE0856158F02E80048EC9E /* Routing */ = {
			isa = PBXGroup;
			children = (
				2ECAEB2715917D56004241B5 /* TiREST.h */,
				2ECAEB501592ECDB004241B5 /* TRPathPattern.h */,
				2ECAEB511592ECDC004241B5 /* TRPathPattern.m */,
				2ECAEB601593044E004241B5 /* TRRoutingTable.h */,
				2ECAEB611593044E004241B5 /* TRRoutingTable.m */,
				2ECAEB641593100C004241B5 /* TRRoutingEntry.h */,
				2ECAEB651593100D004241B5 /* TRRoutingEntry.m */,
				2EDE0858158F03420048EC9E /* TRRequestRouter.h */,
				2EDE0859158F03420048EC9E /* TRRequestRouter.m */,
				2EDE085B158F04490048EC9E /* TRAction.h */,
				2EDE085C158F04490048EC9E /* TRAction.m */,
				2EBB079C158F3207004F2E9B /* TRBlocksAction.h */,
				2EBB079D158F3207004F2E9B /* TRBlocksAction.m */,
				2EDE085E158F06CD0048EC9E /* TRRoutableHTTPConnection.h */,
				2EDE085F158F06CD0048EC9E /* TRRoutableHTTPConnection.m */,
				2EEC8C861590798800C23FD0 /* TRHTTPResponse.h */,
				2EEC8C871590798800C23FD0 /* TRHTTPResponse.m */,
				2EEC8C8A15907EBA00C23FD0 /* TRCinatraRouter.h */,
				2EEC8C8B15907EBA00C23FD0 /* TRCinatraRouter.m */,
				2ECAEB2915917F51004241B5 /* TRTiRESTServer.h */,
				2ECAEB2A15917F51004241B5 /* TRTiRESTServer.m */,
			);
			path = Routing;
			sourceTree = "<group>";
		};
/* End PBXGroup section */

/* Begin PBXHeadersBuildPhase section */
		2EBA178915901F1400FD31C3 /* Headers */ = {
			isa = PBXHeadersBuildPhase;
			buildActionMask = 2147483647;
			files = (
				2ECAEB2815917DAC004241B5 /* TiREST.h in Headers */,
				2ECAEB2C15918CEC004241B5 /* TRAction.h in Headers */,
				2ECAEB2D15918CF1004241B5 /* TRBlocksAction.h in Headers */,
				2ECAEB2E15918CF7004241B5 /* TRRoutableHTTPConnection.h in Headers */,
				2EEC8C881590798800C23FD0 /* TRHTTPResponse.h in Headers */,
				2EEC8C8C15907EBA00C23FD0 /* TRCinatraRouter.h in Headers */,
				2ECAEB2F15918D13004241B5 /* TRTiRESTServer.h in Headers */,
				2ECAEB521592ECDC004241B5 /* TRPathPattern.h in Headers */,
				2ECAEB561592F6D6004241B5 /* TRSimpleGETUsingPatternTestRouter.h in Headers */,
				2ECAEB621593044F004241B5 /* TRRoutingTable.h in Headers */,
				2ECAEB661593100E004241B5 /* TRRoutingEntry.h in Headers */,
			);
			runOnlyForDeploymentPostprocessing = 0;
		};
/* End PBXHeadersBuildPhase section */

/* Begin PBXNativeTarget section */
		2E6D62E41586DB8700E81A6E /* TiRESTApplication */ = {
			isa = PBXNativeTarget;
			buildConfigurationList = 2E6D63181586DB8800E81A6E /* Build configuration list for PBXNativeTarget "TiRESTApplication" */;
			buildPhases = (
				2E6D62E11586DB8700E81A6E /* Sources */,
				2E6D62E21586DB8700E81A6E /* Frameworks */,
				2E6D62E31586DB8700E81A6E /* Resources */,
			);
			buildRules = (
			);
			dependencies = (
				2EE13F61159041A000409481 /* PBXTargetDependency */,
			);
			name = TiRESTApplication;
			productName = "local-http-communication";
			productReference = 2E6D62E51586DB8700E81A6E /* TiREST.app */;
			productType = "com.apple.product-type.application";
		};
		2EBA178A15901F1400FD31C3 /* TiREST */ = {
			isa = PBXNativeTarget;
			buildConfigurationList = 2EBA179315901F1400FD31C3 /* Build configuration list for PBXNativeTarget "TiREST" */;
			buildPhases = (
				2EBA178715901F1400FD31C3 /* Sources */,
				2EBA178815901F1400FD31C3 /* Frameworks */,
				2EBA178915901F1400FD31C3 /* Headers */,
			);
			buildRules = (
			);
			dependencies = (
			);
			name = TiREST;
			productName = TiREST;
			productReference = 2EBA178B15901F1400FD31C3 /* libTiREST.a */;
			productType = "com.apple.product-type.library.static";
		};
		2ECAEB1315917AEE004241B5 /* TiRESTTest */ = {
			isa = PBXNativeTarget;
			buildConfigurationList = 2ECAEB2215917AEE004241B5 /* Build configuration list for PBXNativeTarget "TiRESTTest" */;
			buildPhases = (
				2ECAEB0F15917AEE004241B5 /* Sources */,
				2ECAEB1015917AEE004241B5 /* Frameworks */,
				2ECAEB1115917AEE004241B5 /* Resources */,
				2ECAEB1215917AEE004241B5 /* ShellScript */,
			);
			buildRules = (
			);
			dependencies = (
				2ECAEB2615917CF7004241B5 /* PBXTargetDependency */,
			);
			name = TiRESTTest;
			productName = TiRESTFunctionalTests;
			productReference = 2ECAEB1415917AEE004241B5 /* TiRESTFunctionalTests.octest */;
			productType = "com.apple.product-type.bundle";
		};
/* End PBXNativeTarget section */

/* Begin PBXProject section */
		2E6D62DC1586DB8700E81A6E /* Project object */ = {
			isa = PBXProject;
			attributes = {
				LastUpgradeCheck = 0430;
			};
			buildConfigurationList = 2E6D62DF1586DB8700E81A6E /* Build configuration list for PBXProject "TiREST" */;
			compatibilityVersion = "Xcode 3.2";
			developmentRegion = English;
			hasScannedForEncodings = 0;
			knownRegions = (
				en,
			);
			mainGroup = 2E6D62DA1586DB8700E81A6E;
			productRefGroup = 2E6D62E61586DB8700E81A6E /* Products */;
			projectDirPath = "";
			projectRoot = "";
			targets = (
				2E6D62E41586DB8700E81A6E /* TiRESTApplication */,
				2ECAEB1315917AEE004241B5 /* TiRESTTest */,
				2EBA178A15901F1400FD31C3 /* TiREST */,
			);
		};
/* End PBXProject section */

/* Begin PBXResourcesBuildPhase section */
		2E6D62E31586DB8700E81A6E /* Resources */ = {
			isa = PBXResourcesBuildPhase;
			buildActionMask = 2147483647;
			files = (
				2E6D62F41586DB8700E81A6E /* InfoPlist.strings in Resources */,
				2E6D63001586DB8800E81A6E /* TRViewController.xib in Resources */,
			);
			runOnlyForDeploymentPostprocessing = 0;
		};
		2ECAEB1115917AEE004241B5 /* Resources */ = {
			isa = PBXResourcesBuildPhase;
			buildActionMask = 2147483647;
			files = (
			);
			runOnlyForDeploymentPostprocessing = 0;
		};
/* End PBXResourcesBuildPhase section */

/* Begin PBXShellScriptBuildPhase section */
		2ECAEB1215917AEE004241B5 /* ShellScript */ = {
			isa = PBXShellScriptBuildPhase;
			buildActionMask = 2147483647;
			files = (
			);
			inputPaths = (
			);
			outputPaths = (
			);
			runOnlyForDeploymentPostprocessing = 0;
			shellPath = /bin/sh;
			shellScript = "# Run the unit tests in this test bundle.\n\"${SYSTEM_DEVELOPER_DIR}/Tools/RunUnitTests\"\n";
		};
/* End PBXShellScriptBuildPhase section */

/* Begin PBXSourcesBuildPhase section */
		2E6D62E11586DB8700E81A6E /* Sources */ = {
			isa = PBXSourcesBuildPhase;
			buildActionMask = 2147483647;
			files = (
				2E6D62F61586DB8800E81A6E /* main.m in Sources */,
				2E6D62FA1586DB8800E81A6E /* TRAppDelegate.m in Sources */,
				2E6D62FD1586DB8800E81A6E /* TRViewController.m in Sources */,
				2EEC8C84159074C500C23FD0 /* TRApplicationRouter.m in Sources */,
			);
			runOnlyForDeploymentPostprocessing = 0;
		};
		2EBA178715901F1400FD31C3 /* Sources */ = {
			isa = PBXSourcesBuildPhase;
			buildActionMask = 2147483647;
			files = (
				2EBA179615901F5700FD31C3 /* TRRequestRouter.m in Sources */,
				2EBA179715901F5B00FD31C3 /* TRAction.m in Sources */,
				2EBA179815901F5E00FD31C3 /* TRBlocksAction.m in Sources */,
				2EBA179915901F6200FD31C3 /* TRRoutableHTTPConnection.m in Sources */,
				2EBA179A1590204300FD31C3 /* HTTPAuthenticationRequest.m in Sources */,
				2EBA179B1590204300FD31C3 /* HTTPConnection.m in Sources */,
				2EBA179C1590204300FD31C3 /* HTTPMessage.m in Sources */,
				2EBA179D1590204300FD31C3 /* HTTPServer.m in Sources */,
				2EBA179E1590204300FD31C3 /* WebSocket.m in Sources */,
				2EBA179F1590205800FD31C3 /* DDData.m in Sources */,
				2EBA17A01590205800FD31C3 /* DDNumber.m in Sources */,
				2EBA17A11590205800FD31C3 /* DDRange.m in Sources */,
				2EBA17A21590209100FD31C3 /* MultipartFormDataParser.m in Sources */,
				2EBA17A31590209100FD31C3 /* MultipartMessageHeader.m in Sources */,
				2EBA17A41590209100FD31C3 /* MultipartMessageHeaderField.m in Sources */,
				2EBA17A5159020B900FD31C3 /* HTTPAsyncFileResponse.m in Sources */,
				2EBA17A6159020B900FD31C3 /* HTTPDataResponse.m in Sources */,
				2EBA17A7159020B900FD31C3 /* HTTPDynamicFileResponse.m in Sources */,
				2EBA17A8159020B900FD31C3 /* HTTPFileResponse.m in Sources */,
				2EBA17A9159020B900FD31C3 /* HTTPRedirectResponse.m in Sources */,
				2EBA17AA159020FE00FD31C3 /* DDAbstractDatabaseLogger.m in Sources */,
				2EBA17AB1590212600FD31C3 /* DDASLLogger.m in Sources */,
				2EBA17AC1590212600FD31C3 /* DDFileLogger.m in Sources */,
				2EBA17AD1590212600FD31C3 /* DDLog.m in Sources */,
				2EBA17AE1590212600FD31C3 /* DDTTYLogger.m in Sources */,
				2EBA17AF1590214400FD31C3 /* GCDAsyncSocket.m in Sources */,
				2EBA17B01590215D00FD31C3 /* ContextFilterLogFormatter.m in Sources */,
				2EBA17B11590215D00FD31C3 /* DispatchQueueLogFormatter.m in Sources */,
				2EEC8C891590798800C23FD0 /* TRHTTPResponse.m in Sources */,
				2EEC8C8D15907EBA00C23FD0 /* TRCinatraRouter.m in Sources */,
				2ECAEB3015918F1C004241B5 /* TRTiRESTServer.m in Sources */,
				2ECAEB531592ECDC004241B5 /* TRPathPattern.m in Sources */,
				2ECAEB571592F6D6004241B5 /* TRSimpleGETUsingPatternTestRouter.m in Sources */,
				2ECAEB631593044F004241B5 /* TRRoutingTable.m in Sources */,
				2ECAEB671593100E004241B5 /* TRRoutingEntry.m in Sources */,
			);
			runOnlyForDeploymentPostprocessing = 0;
		};
		2ECAEB0F15917AEE004241B5 /* Sources */ = {
			isa = PBXSourcesBuildPhase;
			buildActionMask = 2147483647;
			files = (
				2ECAEB2015917AEE004241B5 /* TiRESTFunctionalTestBase.m in Sources */,
				2ECAEB3315918FDF004241B5 /* TRSimpleGETTestRouter.m in Sources */,
				2ECAEB3915919636004241B5 /* TiRESTGETSimpleTestCase.m in Sources */,
				2ECAEB3C1591A652004241B5 /* TRSimplePOSTTestRouter.m in Sources */,
				2ECAEB3F1591B6B3004241B5 /* TiRESTPOSTSimpleTestCase.m in Sources */,
				2ECAEB4C1592B98A004241B5 /* TiRESTPUTSimpleTestCase.m in Sources */,
				2ECAEB4F1592BA54004241B5 /* TRSimplePUTTestRouter.m in Sources */,
				2ECAEB5A1592FD45004241B5 /* TiRESTGETUsingPatternTestCase.m in Sources */,
				2ECAEB5F159302E6004241B5 /* TiRESTUnitTestBase.m in Sources */,
				2ECAEB6E1593192F004241B5 /* TiRESTTRRoutingTableTestCase.m in Sources */,
			);
			runOnlyForDeploymentPostprocessing = 0;
		};
/* End PBXSourcesBuildPhase section */

/* Begin PBXTargetDependency section */
		2ECAEB2615917CF7004241B5 /* PBXTargetDependency */ = {
			isa = PBXTargetDependency;
			target = 2EBA178A15901F1400FD31C3 /* TiREST */;
			targetProxy = 2ECAEB2515917CF7004241B5 /* PBXContainerItemProxy */;
		};
		2EE13F61159041A000409481 /* PBXTargetDependency */ = {
			isa = PBXTargetDependency;
			target = 2EBA178A15901F1400FD31C3 /* TiREST */;
			targetProxy = 2EE13F60159041A000409481 /* PBXContainerItemProxy */;
		};
/* End PBXTargetDependency section */

/* Begin PBXVariantGroup section */
		2E6D62F21586DB8700E81A6E /* InfoPlist.strings */ = {
			isa = PBXVariantGroup;
			children = (
				2E6D62F31586DB8700E81A6E /* en */,
			);
			name = InfoPlist.strings;
			sourceTree = "<group>";
		};
		2E6D62FE1586DB8800E81A6E /* TRViewController.xib */ = {
			isa = PBXVariantGroup;
			children = (
				2E6D62FF1586DB8800E81A6E /* en */,
			);
			name = TRViewController.xib;
			sourceTree = "<group>";
		};
/* End PBXVariantGroup section */

/* Begin XCBuildConfiguration section */
		2E6D63161586DB8800E81A6E /* Debug */ = {
			isa = XCBuildConfiguration;
			buildSettings = {
				ALWAYS_SEARCH_USER_PATHS = NO;
				ARCHS = "$(ARCHS_STANDARD_32_BIT)";
				CLANG_ENABLE_OBJC_ARC = YES;
				"CODE_SIGN_IDENTITY[sdk=iphoneos*]" = "iPhone Developer";
				COPY_PHASE_STRIP = NO;
				GCC_C_LANGUAGE_STANDARD = gnu99;
				GCC_DYNAMIC_NO_PIC = NO;
				GCC_OPTIMIZATION_LEVEL = 0;
				GCC_PREPROCESSOR_DEFINITIONS = (
					"DEBUG=1",
					"$(inherited)",
				);
				GCC_SYMBOLS_PRIVATE_EXTERN = NO;
				GCC_VERSION = com.apple.compilers.llvm.clang.1_0;
				GCC_WARN_ABOUT_RETURN_TYPE = YES;
				GCC_WARN_UNINITIALIZED_AUTOS = YES;
				GCC_WARN_UNUSED_VARIABLE = YES;
				IPHONEOS_DEPLOYMENT_TARGET = 5.1;
				SDKROOT = iphoneos;
				TARGETED_DEVICE_FAMILY = 2;
			};
			name = Debug;
		};
		2E6D63171586DB8800E81A6E /* Release */ = {
			isa = XCBuildConfiguration;
			buildSettings = {
				ALWAYS_SEARCH_USER_PATHS = NO;
				ARCHS = "$(ARCHS_STANDARD_32_BIT)";
				CLANG_ENABLE_OBJC_ARC = YES;
				"CODE_SIGN_IDENTITY[sdk=iphoneos*]" = "iPhone Developer";
				COPY_PHASE_STRIP = YES;
				GCC_C_LANGUAGE_STANDARD = gnu99;
				GCC_VERSION = com.apple.compilers.llvm.clang.1_0;
				GCC_WARN_ABOUT_RETURN_TYPE = YES;
				GCC_WARN_UNINITIALIZED_AUTOS = YES;
				GCC_WARN_UNUSED_VARIABLE = YES;
				IPHONEOS_DEPLOYMENT_TARGET = 5.1;
				OTHER_CFLAGS = "-DNS_BLOCK_ASSERTIONS=1";
				SDKROOT = iphoneos;
				TARGETED_DEVICE_FAMILY = 2;
				VALIDATE_PRODUCT = YES;
			};
			name = Release;
		};
		2E6D63191586DB8800E81A6E /* Debug */ = {
			isa = XCBuildConfiguration;
			buildSettings = {
				ALWAYS_SEARCH_USER_PATHS = YES;
				CONFIGURATION_TEMP_DIR = "$(PROJECT_TEMP_DIR)/$(CONFIGURATION)$(EFFECTIVE_PLATFORM_NAME)";
				GCC_PRECOMPILE_PREFIX_HEADER = YES;
				GCC_PREFIX_HEADER = "Classes/TiREST-Prefix.pch";
				INFOPLIST_FILE = "Classes/TiREST-Info.plist";
				LIBRARY_SEARCH_PATHS = "Vendor/**";
				OTHER_LDFLAGS = (
					"-ObjC",
					"-all_load",
				);
				PRODUCT_NAME = TiREST;
				WRAPPER_EXTENSION = app;
			};
			name = Debug;
		};
		2E6D631A1586DB8800E81A6E /* Release */ = {
			isa = XCBuildConfiguration;
			buildSettings = {
				ALWAYS_SEARCH_USER_PATHS = YES;
				CONFIGURATION_TEMP_DIR = "$(PROJECT_TEMP_DIR)/$(CONFIGURATION)$(EFFECTIVE_PLATFORM_NAME)";
				GCC_PRECOMPILE_PREFIX_HEADER = YES;
				GCC_PREFIX_HEADER = "Classes/TiREST-Prefix.pch";
				INFOPLIST_FILE = "Classes/TiREST-Info.plist";
				LIBRARY_SEARCH_PATHS = "Vendor/**";
				OTHER_LDFLAGS = (
					"-ObjC",
					"-all_load",
				);
				PRODUCT_NAME = TiREST;
				WRAPPER_EXTENSION = app;
			};
			name = Release;
		};
		2EBA179415901F1400FD31C3 /* Debug */ = {
			isa = XCBuildConfiguration;
			buildSettings = {
				DSTROOT = /tmp/TiREST.dst;
				GCC_PRECOMPILE_PREFIX_HEADER = YES;
				GCC_PREFIX_HEADER = "Classes/TiREST-Prefix.pch";
				OTHER_LDFLAGS = (
					"-ObjC",
					"-all_load",
				);
				PRODUCT_NAME = "$(TARGET_NAME)";
				SKIP_INSTALL = YES;
			};
			name = Debug;
		};
		2EBA179515901F1400FD31C3 /* Release */ = {
			isa = XCBuildConfiguration;
			buildSettings = {
				DSTROOT = /tmp/TiREST.dst;
				GCC_PRECOMPILE_PREFIX_HEADER = YES;
				GCC_PREFIX_HEADER = "Classes/TiREST-Prefix.pch";
				OTHER_LDFLAGS = (
					"-ObjC",
					"-all_load",
				);
				PRODUCT_NAME = "$(TARGET_NAME)";
				SKIP_INSTALL = YES;
			};
			name = Release;
		};
		2ECAEB2315917AEE004241B5 /* Debug */ = {
			isa = XCBuildConfiguration;
			buildSettings = {
				CLANG_CXX_LANGUAGE_STANDARD = "gnu++0x";
				CLANG_WARN__DUPLICATE_METHOD_MATCH = YES;
				FRAMEWORK_SEARCH_PATHS = (
					"\"$(SDKROOT)/Developer/Library/Frameworks\"",
					"\"$(DEVELOPER_LIBRARY_DIR)/Frameworks\"",
				);
				GCC_PRECOMPILE_PREFIX_HEADER = YES;
				GCC_PREFIX_HEADER = "Tests/Supporting Files/TiRESTFunctionalTests-Prefix.pch";
				INFOPLIST_FILE = "Tests/Supporting Files/TiRESTFunctionalTests-Info.plist";
				IPHONEOS_DEPLOYMENT_TARGET = 6.0;
				OTHER_LDFLAGS = (
					"-ObjC",
					"-all_load",
				);
				PRODUCT_NAME = "$(TARGET_NAME)";
				WRAPPER_EXTENSION = octest;
			};
			name = Debug;
		};
		2ECAEB2415917AEE004241B5 /* Release */ = {
			isa = XCBuildConfiguration;
			buildSettings = {
				CLANG_CXX_LANGUAGE_STANDARD = "gnu++0x";
				CLANG_WARN__DUPLICATE_METHOD_MATCH = YES;
				FRAMEWORK_SEARCH_PATHS = (
					"\"$(SDKROOT)/Developer/Library/Frameworks\"",
					"\"$(DEVELOPER_LIBRARY_DIR)/Frameworks\"",
				);
				GCC_PRECOMPILE_PREFIX_HEADER = YES;
				GCC_PREFIX_HEADER = "Tests/Supporting Files/TiRESTFunctionalTests-Prefix.pch";
				INFOPLIST_FILE = "Tests/Supporting Files/TiRESTFunctionalTests-Info.plist";
				IPHONEOS_DEPLOYMENT_TARGET = 6.0;
				OTHER_LDFLAGS = (
					"-ObjC",
					"-all_load",
				);
				PRODUCT_NAME = "$(TARGET_NAME)";
				WRAPPER_EXTENSION = octest;
			};
			name = Release;
		};
/* End XCBuildConfiguration section */

/* Begin XCConfigurationList section */
		2E6D62DF1586DB8700E81A6E /* Build configuration list for PBXProject "TiREST" */ = {
			isa = XCConfigurationList;
			buildConfigurations = (
				2E6D63161586DB8800E81A6E /* Debug */,
				2E6D63171586DB8800E81A6E /* Release */,
			);
			defaultConfigurationIsVisible = 0;
			defaultConfigurationName = Release;
		};
		2E6D63181586DB8800E81A6E /* Build configuration list for PBXNativeTarget "TiRESTApplication" */ = {
			isa = XCConfigurationList;
			buildConfigurations = (
				2E6D63191586DB8800E81A6E /* Debug */,
				2E6D631A1586DB8800E81A6E /* Release */,
			);
			defaultConfigurationIsVisible = 0;
			defaultConfigurationName = Release;
		};
		2EBA179315901F1400FD31C3 /* Build configuration list for PBXNativeTarget "TiREST" */ = {
			isa = XCConfigurationList;
			buildConfigurations = (
				2EBA179415901F1400FD31C3 /* Debug */,
				2EBA179515901F1400FD31C3 /* Release */,
			);
			defaultConfigurationIsVisible = 0;
			defaultConfigurationName = Release;
		};
		2ECAEB2215917AEE004241B5 /* Build configuration list for PBXNativeTarget "TiRESTTest" */ = {
			isa = XCConfigurationList;
			buildConfigurations = (
				2ECAEB2315917AEE004241B5 /* Debug */,
				2ECAEB2415917AEE004241B5 /* Release */,
			);
			defaultConfigurationIsVisible = 0;
			defaultConfigurationName = Release;
		};
/* End XCConfigurationList section */
	};
	rootObject = 2E6D62DC1586DB8700E81A6E /* Project object */;
}
